<?xml version="1.0" encoding="utf-8"?>
<Project ToolsVersion="4.0" xmlns="http://schemas.microsoft.com/developer/msbuild/2003">
  <ItemGroup>
    <ClInclude Include="..\Public\Engine_Defines.h">
      <Filter>99.Defines</Filter>
    </ClInclude>
    <ClInclude Include="..\Public\Engine_Enum.h">
      <Filter>99.Defines</Filter>
    </ClInclude>
    <ClInclude Include="..\Public\Engine_Function.h">
      <Filter>99.Defines</Filter>
    </ClInclude>
    <ClInclude Include="..\Public\Engine_Macro.h">
      <Filter>99.Defines</Filter>
    </ClInclude>
    <ClInclude Include="..\Public\Engine_Struct.h">
      <Filter>99.Defines</Filter>
    </ClInclude>
    <ClInclude Include="..\Public\Engine_Typedef.h">
      <Filter>99.Defines</Filter>
    </ClInclude>
    <ClInclude Include="..\Public\Timer.h">
      <Filter>00.System\00.Timer</Filter>
    </ClInclude>
    <ClInclude Include="..\Public\Timer_Manager.h">
      <Filter>00.System\00.Timer\Manager</Filter>
    </ClInclude>
    <ClInclude Include="..\Public\GameInstance.h">
      <Filter>01.Utility\00.GameInstance</Filter>
    </ClInclude>
    <ClInclude Include="..\Public\Level.h">
      <Filter>01.Utility\01.Levels</Filter>
    </ClInclude>
    <ClInclude Include="..\Public\Level_Manager.h">
      <Filter>01.Utility\01.Levels\Manager</Filter>
    </ClInclude>
    <ClInclude Include="..\Public\Base.h">
      <Filter>01.Utility\99.SuperClass</Filter>
    </ClInclude>
    <ClInclude Include="..\Public\Component.h">
      <Filter>01.Utility\03.Components</Filter>
    </ClInclude>
    <ClInclude Include="..\Public\Transform.h">
      <Filter>01.Utility\03.Components\Transform</Filter>
    </ClInclude>
    <ClInclude Include="..\Public\Renderer.h">
      <Filter>01.Utility\05. Renderer</Filter>
    </ClInclude>
    <ClInclude Include="..\Public\UIObject.h">
      <Filter>01.Utility\02.GameObject\UIObject</Filter>
    </ClInclude>
    <ClInclude Include="..\Public\Prototype_Manager.h">
      <Filter>01.Utility\04. Prototype</Filter>
    </ClInclude>
    <ClInclude Include="..\Public\Object_Manager.h">
      <Filter>01.Utility\02.GameObject\Manager</Filter>
    </ClInclude>
    <ClInclude Include="..\Public\Layer.h">
      <Filter>01.Utility\02.GameObject\Layer</Filter>
    </ClInclude>
    <ClInclude Include="..\Public\GameObject.h">
      <Filter>01.Utility\02.GameObject</Filter>
    </ClInclude>
    <ClInclude Include="..\Public\Shader.h">
      <Filter>01.Utility\03.Components\Shader</Filter>
    </ClInclude>
    <ClInclude Include="..\Public\VIBuffer.h">
      <Filter>01.Utility\03.Components\Buffer</Filter>
    </ClInclude>
    <ClInclude Include="..\Public\VIBuffer_Rect.h">
      <Filter>01.Utility\03.Components\Buffer\Rect</Filter>
    </ClInclude>
    <ClInclude Include="..\Public\Graphic_Device.h">
      <Filter>00.System\01.Device\Graphic</Filter>
    </ClInclude>
    <ClInclude Include="..\Public\FrustumCull.h">
      <Filter>01.Utility\09. Culling</Filter>
    </ClInclude>
    <ClInclude Include="..\public\Input_Device.h">
      <Filter>00.System\01.Device\Input</Filter>
    </ClInclude>
    <ClInclude Include="..\public\VIBuffer_Terrain.h">
      <Filter>01.Utility\03.Components\Buffer\Terrain</Filter>
    </ClInclude>
    <ClInclude Include="..\Public\TransformPipeline.h">
      <Filter>01.Utility\06. Pipeline</Filter>
    </ClInclude>
    <ClInclude Include="..\public\Camera.h">
      <Filter>01.Utility\02.GameObject\Camera</Filter>
    </ClInclude>
    <ClInclude Include="..\Public\UIManager.h">
      <Filter>01.Utility\02.GameObject\UIObject\Manager</Filter>
    </ClInclude>
    <ClInclude Include="..\Public\UIButton.h">
      <Filter>01.Utility\02.GameObject\UIObject\UIControls</Filter>
    </ClInclude>
    <ClInclude Include="..\Public\UIImage.h">
      <Filter>01.Utility\02.GameObject\UIObject\UIControls</Filter>
    </ClInclude>
    <ClInclude Include="..\Public\UIProgressBar.h">
      <Filter>01.Utility\02.GameObject\UIObject\UIControls</Filter>
    </ClInclude>
    <ClInclude Include="..\public\UICanvas.h">
      <Filter>01.Utility\02.GameObject\UIObject\UIControls</Filter>
    </ClInclude>
    <ClInclude Include="..\public\ResourceMag.h">
      <Filter>01.Utility\10. Resource</Filter>
    </ClInclude>
    <ClInclude Include="..\Public\Texture.h">
      <Filter>01.Utility\03.Components\Texture</Filter>
    </ClInclude>
    <ClInclude Include="..\Public\Inspector.h">
      <Filter>01.Utility\03.Components\Collider\Inspector</Filter>
    </ClInclude>
    <ClInclude Include="..\public\BoxCollider.h">
      <Filter>01.Utility\03.Components\Collider\Box</Filter>
    </ClInclude>
    <ClInclude Include="..\Public\SphereCollider.h">
      <Filter>01.Utility\03.Components\Collider\Sphere</Filter>
    </ClInclude>
    <ClInclude Include="..\Public\CapsuleCollider.h">
      <Filter>01.Utility\03.Components\Collider\Capsule</Filter>
    </ClInclude>
    <ClInclude Include="..\Public\Model.h">
      <Filter>01.Utility\03.Components\Model</Filter>
    </ClInclude>
    <ClInclude Include="..\Public\Mesh.h">
      <Filter>01.Utility\03.Components\Model\Mesh</Filter>
    </ClInclude>
    <ClInclude Include="..\Public\Material.h">
      <Filter>01.Utility\03.Components\Model\Material</Filter>
    </ClInclude>
    <ClInclude Include="..\public\Serializable.h">
      <Filter>01.Utility\98. Json</Filter>
    </ClInclude>
    <ClInclude Include="..\Public\Bone.h">
      <Filter>01.Utility\03.Components\Model\Bone</Filter>
    </ClInclude>
    <ClInclude Include="..\Public\Channel.h">
      <Filter>01.Utility\03.Components\Animation</Filter>
    </ClInclude>
    <ClInclude Include="..\Public\Picking.h">
      <Filter>01.Utility\07. Picking</Filter>
    </ClInclude>
    <ClInclude Include="..\public\Animator.h">
      <Filter>01.Utility\03.Components\Animation\Animator</Filter>
    </ClInclude>
    <ClInclude Include="..\Public\Animation.h">
      <Filter>01.Utility\03.Components\Animation</Filter>
    </ClInclude>
    <ClInclude Include="..\public\AnimController.h">
      <Filter>01.Utility\03.Components\Animation\AnimationController</Filter>
    </ClInclude>
    <ClInclude Include="..\public\Collider.h">
      <Filter>01.Utility\03.Components\Collider</Filter>
    </ClInclude>
    <ClInclude Include="..\public\CollisionMag.h">
      <Filter>01.Utility\03.Components\Collider\Manager</Filter>
    </ClInclude>
    <ClInclude Include="..\Private\DebugDraw.h">
      <Filter>99.Defines</Filter>
    </ClInclude>
    <ClInclude Include="..\Public\Light.h">
      <Filter>01.Utility\08. Light</Filter>
    </ClInclude>
    <ClInclude Include="..\Public\Light_Manager.h">
      <Filter>01.Utility\08. Light\Manager</Filter>
    </ClInclude>
    <ClInclude Include="..\public\CustomFont.h">
      <Filter>01.Utility\11. Font</Filter>
    </ClInclude>
    <ClInclude Include="..\Public\Navigation.h">
      <Filter>01.Utility\03.Components\Navigation</Filter>
    </ClInclude>
    <ClInclude Include="..\Public\Cell.h">
      <Filter>01.Utility\03.Components\Navigation</Filter>
    </ClInclude>
    <ClInclude Include="..\public\FontMag.h">
      <Filter>01.Utility\11. Font\Manager</Filter>
    </ClInclude>
    <ClInclude Include="..\Public\VIBuffer_Cell.h">
      <Filter>01.Utility\03.Components\Buffer</Filter>
    </ClInclude>
  </ItemGroup>
  <ItemGroup>
    <ClCompile Include="..\Private\Timer.cpp">
      <Filter>00.System\00.Timer</Filter>
    </ClCompile>
    <ClCompile Include="..\Private\Timer_Manager.cpp">
      <Filter>00.System\00.Timer\Manager</Filter>
    </ClCompile>
    <ClCompile Include="..\Private\GameInstance.cpp">
      <Filter>01.Utility\00.GameInstance</Filter>
    </ClCompile>
    <ClCompile Include="..\Private\Level.cpp">
      <Filter>01.Utility\01.Levels</Filter>
    </ClCompile>
    <ClCompile Include="..\Private\Level_Manager.cpp">
      <Filter>01.Utility\01.Levels\Manager</Filter>
    </ClCompile>
    <ClCompile Include="..\Private\Base.cpp">
      <Filter>01.Utility\99.SuperClass</Filter>
    </ClCompile>
    <ClCompile Include="..\Private\GameObject.cpp">
      <Filter>01.Utility\02.GameObject</Filter>
    </ClCompile>
    <ClCompile Include="..\Private\Component.cpp">
      <Filter>01.Utility\03.Components</Filter>
    </ClCompile>
    <ClCompile Include="..\Private\Transform.cpp">
      <Filter>01.Utility\03.Components\Transform</Filter>
    </ClCompile>
    <ClCompile Include="..\Private\Layer.cpp">
      <Filter>01.Utility\02.GameObject\Layer</Filter>
    </ClCompile>
    <ClCompile Include="..\Private\UIObject.cpp">
      <Filter>01.Utility\02.GameObject\UIObject</Filter>
    </ClCompile>
    <ClCompile Include="..\Private\Object_Manager.cpp">
      <Filter>01.Utility\02.GameObject\Manager</Filter>
    </ClCompile>
    <ClCompile Include="..\Private\Prototype_Manager.cpp">
      <Filter>01.Utility\04. Prototype</Filter>
    </ClCompile>
    <ClCompile Include="..\Private\Renderer.cpp">
      <Filter>01.Utility\05. Renderer</Filter>
    </ClCompile>
    <ClCompile Include="..\Private\Texture.cpp">
      <Filter>01.Utility\03.Components\Texture</Filter>
    </ClCompile>
    <ClCompile Include="..\Private\Shader.cpp">
      <Filter>01.Utility\03.Components\Shader</Filter>
    </ClCompile>
    <ClCompile Include="..\Private\VIBuffer.cpp">
      <Filter>01.Utility\03.Components\Buffer</Filter>
    </ClCompile>
    <ClCompile Include="..\Private\VIBuffer_Rect.cpp">
      <Filter>01.Utility\03.Components\Buffer\Rect</Filter>
    </ClCompile>
    <ClCompile Include="..\Private\Graphic_Device.cpp">
      <Filter>00.System\01.Device\Graphic</Filter>
    </ClCompile>
    <ClCompile Include="..\Private\FrustumCull.cpp">
      <Filter>01.Utility\09. Culling</Filter>
    </ClCompile>
    <ClCompile Include="..\private\Input_Device.cpp">
      <Filter>00.System\01.Device\Input</Filter>
    </ClCompile>
    <ClCompile Include="..\private\VIBuffer_Terrain.cpp">
      <Filter>01.Utility\03.Components\Buffer\Terrain</Filter>
    </ClCompile>
    <ClCompile Include="..\Private\TransformPipeline.cpp">
      <Filter>01.Utility\06. Pipeline</Filter>
    </ClCompile>
    <ClCompile Include="..\private\Camera.cpp">
      <Filter>01.Utility\02.GameObject\Camera</Filter>
    </ClCompile>
    <ClCompile Include="..\Private\UIManager.cpp">
      <Filter>01.Utility\02.GameObject\UIObject\Manager</Filter>
    </ClCompile>
    <ClCompile Include="..\Private\UIImage.cpp">
      <Filter>01.Utility\02.GameObject\UIObject\UIControls</Filter>
    </ClCompile>
    <ClCompile Include="..\Private\UIButton.cpp">
      <Filter>01.Utility\02.GameObject\UIObject\UIControls</Filter>
    </ClCompile>
    <ClCompile Include="..\Private\UIProgressBar.cpp">
      <Filter>01.Utility\02.GameObject\UIObject\UIControls</Filter>
    </ClCompile>
    <ClCompile Include="..\private\UICanvas.cpp">
      <Filter>01.Utility\02.GameObject\UIObject\UIControls</Filter>
    </ClCompile>
    <ClCompile Include="..\private\ResourceMag.cpp">
      <Filter>01.Utility\10. Resource</Filter>
    </ClCompile>
    <ClCompile Include="..\private\BoxCollider.cpp">
      <Filter>01.Utility\03.Components\Collider\Box</Filter>
    </ClCompile>
    <ClCompile Include="..\Private\SphereCollider.cpp">
      <Filter>01.Utility\03.Components\Collider\Sphere</Filter>
    </ClCompile>
    <ClCompile Include="..\Private\CapsuleCollider.cpp">
      <Filter>01.Utility\03.Components\Collider\Capsule</Filter>
    </ClCompile>
    <ClCompile Include="..\Private\Engine_Struct.cpp">
      <Filter>99.Defines</Filter>
    </ClCompile>
    <ClCompile Include="..\Private\Model.cpp">
      <Filter>01.Utility\03.Components\Model</Filter>
    </ClCompile>
    <ClCompile Include="..\Private\Material.cpp">
      <Filter>01.Utility\03.Components\Model\Material</Filter>
    </ClCompile>
    <ClCompile Include="..\Private\Mesh.cpp">
      <Filter>01.Utility\03.Components\Model\Mesh</Filter>
    </ClCompile>
    <ClCompile Include="..\private\Serializable.cpp">
      <Filter>01.Utility\98. Json</Filter>
    </ClCompile>
    <ClCompile Include="..\Private\Bone.cpp">
      <Filter>01.Utility\03.Components\Model\Bone</Filter>
    </ClCompile>
    <ClCompile Include="..\Private\Animation.cpp">
      <Filter>01.Utility\03.Components\Animation</Filter>
    </ClCompile>
    <ClCompile Include="..\Private\Channel.cpp">
      <Filter>01.Utility\03.Components\Animation</Filter>
    </ClCompile>
    <ClCompile Include="..\Private\Picking.cpp">
      <Filter>01.Utility\07. Picking</Filter>
    </ClCompile>
    <ClCompile Include="..\private\Animator.cpp">
      <Filter>01.Utility\03.Components\Animation\Animator</Filter>
    </ClCompile>
    <ClCompile Include="..\private\AnimController.cpp">
      <Filter>01.Utility\03.Components\Animation\AnimationController</Filter>
    </ClCompile>
    <ClCompile Include="..\private\Collider.cpp">
      <Filter>01.Utility\03.Components\Collider</Filter>
    </ClCompile>
    <ClCompile Include="..\private\CollisionMag.cpp">
      <Filter>01.Utility\03.Components\Collider\Manager</Filter>
    </ClCompile>
    <ClCompile Include="..\Private\DebugDraw.cpp">
      <Filter>99.Defines</Filter>
    </ClCompile>
    <ClCompile Include="..\Private\Light.cpp">
      <Filter>01.Utility\08. Light</Filter>
    </ClCompile>
    <ClCompile Include="..\Private\Light_Manager.cpp">
      <Filter>01.Utility\08. Light\Manager</Filter>
    </ClCompile>
    <ClCompile Include="..\private\CustomFont.cpp">
      <Filter>01.Utility\11. Font</Filter>
    </ClCompile>
    <ClCompile Include="..\Private\VIBuffer_Cell.cpp">
      <Filter>01.Utility\03.Components\Buffer</Filter>
    </ClCompile>
    <ClCompile Include="..\Private\Navigation.cpp">
      <Filter>01.Utility\03.Components\Navigation</Filter>
    </ClCompile>
    <ClCompile Include="..\Private\Cell.cpp">
      <Filter>01.Utility\03.Components\Navigation</Filter>
    </ClCompile>
    <ClCompile Include="..\private\FontMag.cpp">
      <Filter>01.Utility\11. Font\Manager</Filter>
    </ClCompile>
  </ItemGroup>
  <ItemGroup>
    <Filter Include="00.System">
      <UniqueIdentifier>{77e8400c-7e49-43b9-b7f2-4012b62e40af}</UniqueIdentifier>
    </Filter>
    <Filter Include="99.Defines">
      <UniqueIdentifier>{87b361cb-36f4-4de0-b2de-23437e26b1b1}</UniqueIdentifier>
    </Filter>
    <Filter Include="01.Utility">
      <UniqueIdentifier>{fed3992d-9937-48d1-8232-e91946b44a26}</UniqueIdentifier>
    </Filter>
    <Filter Include="00.System\00.Timer">
      <UniqueIdentifier>{946ea1bd-a6ad-4124-9a42-7ea12e8c54a3}</UniqueIdentifier>
    </Filter>
    <Filter Include="00.System\01.Device">
      <UniqueIdentifier>{4c9717d9-4552-4b0f-8fd1-ee87f7864556}</UniqueIdentifier>
    </Filter>
    <Filter Include="00.System\00.Timer\Manager">
      <UniqueIdentifier>{ec7cea28-6755-4dff-8dc7-3ce238408752}</UniqueIdentifier>
    </Filter>
    <Filter Include="01.Utility\00.GameInstance">
      <UniqueIdentifier>{646a5b9e-b195-441c-b825-3c86f314f568}</UniqueIdentifier>
    </Filter>
    <Filter Include="01.Utility\01.Levels">
      <UniqueIdentifier>{d21271cb-09a3-42be-af80-9dcf2c19aff6}</UniqueIdentifier>
    </Filter>
    <Filter Include="01.Utility\01.Levels\Manager">
      <UniqueIdentifier>{234015e5-16ad-46c6-b584-e43a2fb240bd}</UniqueIdentifier>
    </Filter>
    <Filter Include="01.Utility\99.SuperClass">
      <UniqueIdentifier>{c5c38433-b538-4e7b-891b-4809c69188f3}</UniqueIdentifier>
    </Filter>
    <Filter Include="01.Utility\02.GameObject">
      <UniqueIdentifier>{8542546c-1517-43a4-a3ed-c7e1ed5245ec}</UniqueIdentifier>
    </Filter>
    <Filter Include="01.Utility\03.Components">
      <UniqueIdentifier>{c8ff5966-2bbf-4633-88d4-dec210ad2207}</UniqueIdentifier>
    </Filter>
    <Filter Include="01.Utility\03.Components\Transform">
      <UniqueIdentifier>{6b3d22a0-5c82-4ff4-a7fe-543e619d38f6}</UniqueIdentifier>
    </Filter>
    <Filter Include="01.Utility\02.GameObject\Manager">
      <UniqueIdentifier>{bbd19095-0089-4062-917c-c8db67e8f05a}</UniqueIdentifier>
    </Filter>
    <Filter Include="01.Utility\04. Prototype">
      <UniqueIdentifier>{5acbce42-5d79-4906-8eda-c0e9e18621c7}</UniqueIdentifier>
    </Filter>
    <Filter Include="01.Utility\05. Renderer">
      <UniqueIdentifier>{6206779f-4417-49ba-be81-0835e27bc788}</UniqueIdentifier>
    </Filter>
    <Filter Include="01.Utility\02.GameObject\Layer">
      <UniqueIdentifier>{fa48aa71-4901-4dea-9251-8c643a040894}</UniqueIdentifier>
    </Filter>
    <Filter Include="01.Utility\03.Components\Texture">
      <UniqueIdentifier>{4fea5725-6fae-4273-95ed-6f07bc78498d}</UniqueIdentifier>
    </Filter>
    <Filter Include="01.Utility\03.Components\Shader">
      <UniqueIdentifier>{9ecaca25-f0a5-44e7-a6b5-fcc1f2b24f41}</UniqueIdentifier>
    </Filter>
    <Filter Include="01.Utility\03.Components\Buffer">
      <UniqueIdentifier>{4049590b-28a6-4d07-935b-55688ee5fb1e}</UniqueIdentifier>
    </Filter>
    <Filter Include="01.Utility\03.Components\Buffer\Rect">
      <UniqueIdentifier>{710ac563-b6c7-4cdf-83c9-6eec928e5034}</UniqueIdentifier>
    </Filter>
    <Filter Include="00.System\01.Device\Input">
      <UniqueIdentifier>{639ba5c9-719d-4858-9f15-a65a27bba18a}</UniqueIdentifier>
    </Filter>
    <Filter Include="00.System\01.Device\Graphic">
      <UniqueIdentifier>{343d5aed-aa82-42e4-998d-79b5d7b0a0dc}</UniqueIdentifier>
    </Filter>
    <Filter Include="01.Utility\09. Culling">
      <UniqueIdentifier>{6789d8ab-a554-4cd7-bb84-ca037e7e58ea}</UniqueIdentifier>
    </Filter>
    <Filter Include="01.Utility\02.GameObject\UIObject">
      <UniqueIdentifier>{f52e9462-3900-403d-8e17-d3e4b4f861c2}</UniqueIdentifier>
    </Filter>
    <Filter Include="01.Utility\03.Components\Buffer\Terrain">
      <UniqueIdentifier>{5655ddf7-e4be-476e-a931-3edb1c06ec48}</UniqueIdentifier>
    </Filter>
    <Filter Include="01.Utility\02.GameObject\Camera">
      <UniqueIdentifier>{c44c0464-5d0c-487c-b1b4-f5f904c8d782}</UniqueIdentifier>
    </Filter>
    <Filter Include="01.Utility\02.GameObject\UIObject\Manager">
      <UniqueIdentifier>{dc955d31-589e-4ac7-97ca-12d7d455ea42}</UniqueIdentifier>
    </Filter>
    <Filter Include="01.Utility\02.GameObject\UIObject\UIControls">
      <UniqueIdentifier>{dfb08b2d-5ca0-45a6-a6ff-626242da8021}</UniqueIdentifier>
    </Filter>
    <Filter Include="01.Utility\10. Resource">
      <UniqueIdentifier>{f4df4f5f-5527-4ebf-a8fd-c6ea868ba20a}</UniqueIdentifier>
    </Filter>
    <Filter Include="01.Utility\03.Components\Model">
      <UniqueIdentifier>{7294800f-9dfd-4507-9539-42d60acca55e}</UniqueIdentifier>
    </Filter>
    <Filter Include="01.Utility\03.Components\Model\Material">
      <UniqueIdentifier>{8036dea0-cabf-42e4-bc64-682774c52021}</UniqueIdentifier>
    </Filter>
    <Filter Include="01.Utility\03.Components\Model\Mesh">
      <UniqueIdentifier>{6d79e7aa-3222-40ee-9310-1bb62494e037}</UniqueIdentifier>
    </Filter>
    <Filter Include="01.Utility\06. Pipeline">
      <UniqueIdentifier>{21393b79-8252-4971-b1a1-b4fb015cd1c3}</UniqueIdentifier>
    </Filter>
    <Filter Include="01.Utility\98. Json">
      <UniqueIdentifier>{8f0f473d-72c0-417a-a468-440c8c262008}</UniqueIdentifier>
    </Filter>
    <Filter Include="01.Utility\03.Components\Model\Bone">
      <UniqueIdentifier>{cdca7487-3656-42ea-bba8-45d29b9f2f55}</UniqueIdentifier>
    </Filter>
    <Filter Include="01.Utility\07. Picking">
      <UniqueIdentifier>{083bca1b-9623-4bfb-aa89-352802d9d95b}</UniqueIdentifier>
    </Filter>
    <Filter Include="01.Utility\03.Components\Animation">
      <UniqueIdentifier>{62fd396d-48d5-4d26-a37c-3bd227804f38}</UniqueIdentifier>
    </Filter>
    <Filter Include="01.Utility\03.Components\Animation\Animator">
      <UniqueIdentifier>{9271d1f1-377a-4a17-b631-750d5850e125}</UniqueIdentifier>
    </Filter>
    <Filter Include="01.Utility\03.Components\Animation\AnimationController">
      <UniqueIdentifier>{8e420046-bebd-4e7c-a1f2-f0baee9a13d0}</UniqueIdentifier>
    </Filter>
    <Filter Include="01.Utility\03.Components\Collider">
      <UniqueIdentifier>{5c2ad48f-3e05-4247-a2c7-8c08b5a03521}</UniqueIdentifier>
    </Filter>
    <Filter Include="01.Utility\03.Components\Collider\Sphere">
      <UniqueIdentifier>{d93b9940-e320-4f3a-8057-a1bce62185b4}</UniqueIdentifier>
    </Filter>
    <Filter Include="01.Utility\03.Components\Collider\Capsule">
      <UniqueIdentifier>{a38ca878-ac61-42c7-8147-1dbdf088b6f7}</UniqueIdentifier>
    </Filter>
    <Filter Include="01.Utility\03.Components\Collider\Box">
      <UniqueIdentifier>{c3a411de-d2f6-40cd-8b47-b6bec9f6ccca}</UniqueIdentifier>
    </Filter>
    <Filter Include="01.Utility\03.Components\Collider\Manager">
      <UniqueIdentifier>{0be706e4-ce03-42ad-a4c5-2c1af3a44fe0}</UniqueIdentifier>
    </Filter>
    <Filter Include="01.Utility\03.Components\Collider\Inspector">
      <UniqueIdentifier>{ff5029a0-54c1-4a97-a61d-9474bbfab0a1}</UniqueIdentifier>
    </Filter>
    <Filter Include="01.Utility\08. Light">
      <UniqueIdentifier>{20d18410-a831-4147-a5f5-8e41754f6a92}</UniqueIdentifier>
    </Filter>
    <Filter Include="01.Utility\08. Light\Manager">
      <UniqueIdentifier>{9516cf6d-5c31-4d84-b75b-b6a627dfd6fb}</UniqueIdentifier>
    </Filter>
    <Filter Include="01.Utility\11. Font">
      <UniqueIdentifier>{11917dab-9d7b-462e-9fb6-1563247e8241}</UniqueIdentifier>
    </Filter>
    <Filter Include="01.Utility\11. Font\Manager">
      <UniqueIdentifier>{d7cdf22f-e79e-41b6-b2d7-4fd3376a12de}</UniqueIdentifier>
    </Filter>
    <Filter Include="01.Utility\03.Components\Navigation">
      <UniqueIdentifier>{b6e23bc1-5e48-40d3-a235-c5ba08f41151}</UniqueIdentifier>
    </Filter>
    <Filter Include="ShaderFiles">
      <UniqueIdentifier>{fed1cfba-6ef6-47dc-b667-088e3d22de45}</UniqueIdentifier>
    </Filter>
  </ItemGroup>
  <ItemGroup>
    <None Include="..\Asset\ShaderFiles\Engine_Shader_Defines.hlsli">
      <Filter>ShaderFiles</Filter>
    </None>
  </ItemGroup>
  <ItemGroup>
    <FxCompile Include="..\Asset\ShaderFiles\Shader_Cell.hlsl">
      <Filter>ShaderFiles</Filter>
    </FxCompile>
  </ItemGroup>
</Project>