<?xml version="1.0" encoding="utf-8"?>
<Project ToolsVersion="4.0" xmlns="http://schemas.microsoft.com/developer/msbuild/2003">
  <ItemGroup>
    <Filter Include="98.Default">
      <UniqueIdentifier>{e4b14c11-52df-475b-b837-3a232685c010}</UniqueIdentifier>
    </Filter>
    <Filter Include="99.Defines">
      <UniqueIdentifier>{72444e1a-0502-4c74-8392-c8e6a1e89ed0}</UniqueIdentifier>
    </Filter>
    <Filter Include="00.Levels">
      <UniqueIdentifier>{3b3aeff7-5170-4d23-a6bc-ca661d804d84}</UniqueIdentifier>
    </Filter>
    <Filter Include="00.Levels\Logo">
      <UniqueIdentifier>{fc8ef11a-d4da-4fb2-acd6-da87cf54da78}</UniqueIdentifier>
    </Filter>
    <Filter Include="00.Levels\Loading">
      <UniqueIdentifier>{d77e9a5c-f9dd-469f-9e4a-e102f2dc83a4}</UniqueIdentifier>
    </Filter>
    <Filter Include="00.Levels\GamePlay">
      <UniqueIdentifier>{a3f64273-696d-4106-b58f-efef5e5d53fe}</UniqueIdentifier>
    </Filter>
    <Filter Include="00.Levels\Loading\Loader">
      <UniqueIdentifier>{09b33f93-851a-4e38-8e8a-83626e4878cb}</UniqueIdentifier>
    </Filter>
    <Filter Include="00.MainApp">
      <UniqueIdentifier>{ffac1f7d-cb22-4ce8-a7fd-43cfb62fb4db}</UniqueIdentifier>
    </Filter>
    <Filter Include="01.GameObject">
      <UniqueIdentifier>{e674d3e7-1c24-4197-b240-8882005a214b}</UniqueIdentifier>
    </Filter>
    <Filter Include="01.GameObject\UI">
      <UniqueIdentifier>{3813ae51-6983-476e-a1f2-d743909a5d65}</UniqueIdentifier>
    </Filter>
    <Filter Include="97.IMGUI">
      <UniqueIdentifier>{2c474aa3-3a5a-4932-b610-5b8c1043248f}</UniqueIdentifier>
    </Filter>
    <Filter Include="97.IMGUI\Manager">
      <UniqueIdentifier>{34c3a51a-7a1d-41fc-a186-238ef3f091d3}</UniqueIdentifier>
    </Filter>
    <Filter Include="97.IMGUI\Lib">
      <UniqueIdentifier>{7279c5b3-acde-45e7-bef5-2202e057c392}</UniqueIdentifier>
    </Filter>
    <Filter Include="96.Json">
      <UniqueIdentifier>{f908b2d1-2f8d-40d5-a070-34641c8ba114}</UniqueIdentifier>
    </Filter>
    <Filter Include="95.BehaivorTree">
      <UniqueIdentifier>{ecfa504b-d387-4c96-90f9-e387557cd5b5}</UniqueIdentifier>
    </Filter>
    <Filter Include="100.ShaderFiles">
      <UniqueIdentifier>{a3db1018-9645-49e1-8060-77e418525ea8}</UniqueIdentifier>
    </Filter>
    <Filter Include="01.GameObject\Camera">
      <UniqueIdentifier>{3bd1a25e-c673-4d5a-a90d-73e72e1874aa}</UniqueIdentifier>
    </Filter>
    <Filter Include="01.GameObject\UI\Title">
      <UniqueIdentifier>{e00df5a4-83b1-472d-8e6c-11eaa79bea02}</UniqueIdentifier>
    </Filter>
    <Filter Include="01.GameObject\UI\Title\Logo">
      <UniqueIdentifier>{88258f5c-51ed-409a-8f3a-180a732a9cb1}</UniqueIdentifier>
    </Filter>
    <Filter Include="01.GameObject\UI\Title\Background">
      <UniqueIdentifier>{8a7f108f-d75a-41ab-9bca-099ad870fc62}</UniqueIdentifier>
    </Filter>
    <Filter Include="01.GameObject\Terrain">
      <UniqueIdentifier>{6dd72460-15cb-40a9-8f5d-8ca2b1029a41}</UniqueIdentifier>
    </Filter>
    <Filter Include="96.Json\JsonFiles">
      <UniqueIdentifier>{e3310f4d-b774-4282-93e1-5dbb9c1a302c}</UniqueIdentifier>
    </Filter>
    <Filter Include="00.Levels\Editor">
      <UniqueIdentifier>{6f8dd69a-e1d3-44a5-8fcd-acc07d1baf5c}</UniqueIdentifier>
    </Filter>
    <Filter Include="97.IMGUI\Controller">
      <UniqueIdentifier>{4db6cc2d-11bf-4a93-899d-898eb0260ce8}</UniqueIdentifier>
    </Filter>
    <Filter Include="97.IMGUI\Pannel">
      <UniqueIdentifier>{0a67f351-599a-4f4e-a930-10f91c05ba69}</UniqueIdentifier>
    </Filter>
    <Filter Include="97.IMGUI\Pannel\Hierarchy">
      <UniqueIdentifier>{23e38147-90f4-45af-89d5-6554aff7c45e}</UniqueIdentifier>
    </Filter>
    <Filter Include="97.IMGUI\Pannel\Inspector">
      <UniqueIdentifier>{947cc780-9cf5-498a-adf5-975fc0133363}</UniqueIdentifier>
    </Filter>
    <Filter Include="97.IMGUI\Pannel\Toolbar">
      <UniqueIdentifier>{e9b77cf9-ef29-4bc3-81f5-1ad80a760c47}</UniqueIdentifier>
    </Filter>
    <Filter Include="01.GameObject\Character">
      <UniqueIdentifier>{56da4df4-d9d8-45f1-b628-c8d1edd1c187}</UniqueIdentifier>
    </Filter>
    <Filter Include="01.GameObject\Character\Weapon">
      <UniqueIdentifier>{bc1af78d-efe2-4685-b42d-38a2116b34c0}</UniqueIdentifier>
    </Filter>
    <Filter Include="94. Pattern">
      <UniqueIdentifier>{520c1b25-a507-471e-8105-7381c9ab6029}</UniqueIdentifier>
    </Filter>
    <Filter Include="94. Pattern\Observer">
      <UniqueIdentifier>{b3d8b20a-4967-4f84-9398-fcf865468851}</UniqueIdentifier>
    </Filter>
    <Filter Include="94. Pattern\Observer\Manager">
      <UniqueIdentifier>{92058b1c-a767-43d8-b243-ec80e04019d1}</UniqueIdentifier>
    </Filter>
    <Filter Include="94. Pattern\Command">
      <UniqueIdentifier>{03b1b549-24d9-4813-85d5-d3143224d6a4}</UniqueIdentifier>
    </Filter>
    <Filter Include="94. Pattern\Command\InputBuffer">
      <UniqueIdentifier>{386fb701-fd26-47e1-aaa1-c1d1746feaac}</UniqueIdentifier>
    </Filter>
    <Filter Include="01.GameObject\Map">
      <UniqueIdentifier>{b7eebf25-9f77-463c-b9c0-c0db03096c48}</UniqueIdentifier>
    </Filter>
    <Filter Include="01.GameObject\Map\Sky">
      <UniqueIdentifier>{ec9e8e1d-d065-42b1-9e80-8b9dbfe268b5}</UniqueIdentifier>
    </Filter>
    <Filter Include="94. Pattern\State">
      <UniqueIdentifier>{1372cab8-4be7-42e8-a3e1-a763bf2999de}</UniqueIdentifier>
    </Filter>
    <Filter Include="94. Pattern\State\DefaultState">
      <UniqueIdentifier>{eb0226f0-0b0c-4736-a995-ff22779b5703}</UniqueIdentifier>
    </Filter>
    <Filter Include="94. Pattern\State\DefaultState\Attack">
      <UniqueIdentifier>{d27db8d2-fb06-46c5-bde3-58e723300e37}</UniqueIdentifier>
    </Filter>
    <Filter Include="94. Pattern\State\DefaultState\Skill">
      <UniqueIdentifier>{a42dfe84-5740-4fe2-bc15-e969cc39059e}</UniqueIdentifier>
    </Filter>
    <Filter Include="94. Pattern\State\DefaultState\Guard">
      <UniqueIdentifier>{6086a9c3-57a2-40ac-a3b2-aa1dc36ef2d7}</UniqueIdentifier>
    </Filter>
    <Filter Include="94. Pattern\State\DefaultState\Idle">
      <UniqueIdentifier>{0417aef2-6192-45fb-a131-ec5c5ba1e35c}</UniqueIdentifier>
    </Filter>
    <Filter Include="94. Pattern\State\DefaultState\Jump">
      <UniqueIdentifier>{90b732b9-3830-45f6-b94a-cb605e82c58a}</UniqueIdentifier>
    </Filter>
    <Filter Include="94. Pattern\State\DefaultState\Move">
      <UniqueIdentifier>{fe00cddf-d025-4629-a2dd-d048e6242095}</UniqueIdentifier>
    </Filter>
    <Filter Include="01.GameObject\Map\Env">
      <UniqueIdentifier>{381f44e4-6f46-4507-9244-457f7d1e2ffb}</UniqueIdentifier>
    </Filter>
  </ItemGroup>
  <ItemGroup>
    <ClInclude Include="Client.h">
      <Filter>98.Default</Filter>
    </ClInclude>
    <ClInclude Include="framework.h">
      <Filter>98.Default</Filter>
    </ClInclude>
    <ClInclude Include="Resource.h">
      <Filter>98.Default</Filter>
    </ClInclude>
    <ClInclude Include="targetver.h">
      <Filter>98.Default</Filter>
    </ClInclude>
    <ClInclude Include="..\Public\Client_Defines.h">
      <Filter>99.Defines</Filter>
    </ClInclude>
    <ClInclude Include="..\Public\Client_Enum.h">
      <Filter>99.Defines</Filter>
    </ClInclude>
    <ClInclude Include="..\Public\Level_GamePlay.h">
      <Filter>00.Levels\GamePlay</Filter>
    </ClInclude>
    <ClInclude Include="..\Public\Level_Loading.h">
      <Filter>00.Levels\Loading</Filter>
    </ClInclude>
    <ClInclude Include="..\Public\Loader.h">
      <Filter>00.Levels\Loading\Loader</Filter>
    </ClInclude>
    <ClInclude Include="..\Public\Level_Logo.h">
      <Filter>00.Levels\Logo</Filter>
    </ClInclude>
    <ClInclude Include="..\public\MainApp.h">
      <Filter>00.MainApp</Filter>
    </ClInclude>
    <ClInclude Include="..\public\IMGUIMag.h">
      <Filter>97.IMGUI\Manager</Filter>
    </ClInclude>
    <ClInclude Include="..\Public\BackGround.h">
      <Filter>01.GameObject\UI\Title\Background</Filter>
    </ClInclude>
    <ClInclude Include="..\public\JsonLoader.h">
      <Filter>96.Json</Filter>
    </ClInclude>
    <ClInclude Include="..\Public\Client_Function.h">
      <Filter>99.Defines</Filter>
    </ClInclude>
    <ClInclude Include="..\Public\BehaviorTree.h">
      <Filter>95.BehaivorTree</Filter>
    </ClInclude>
    <ClInclude Include="..\Public\CompositeNode.h">
      <Filter>95.BehaivorTree</Filter>
    </ClInclude>
    <ClInclude Include="..\Public\Node.h">
      <Filter>95.BehaivorTree</Filter>
    </ClInclude>
    <ClInclude Include="..\Public\TaskNode.h">
      <Filter>95.BehaivorTree</Filter>
    </ClInclude>
    <ClInclude Include="..\public\ObserverManager.h">
      <Filter>94. Pattern\Observer\Manager</Filter>
    </ClInclude>
    <ClInclude Include="..\public\Observer.h">
      <Filter>94. Pattern\Observer</Filter>
    </ClInclude>
    <ClInclude Include="..\public\FreeCamera.h">
      <Filter>01.GameObject\Camera</Filter>
    </ClInclude>
    <ClInclude Include="..\public\TitleCanvas.h">
      <Filter>01.GameObject\UI\Title</Filter>
    </ClInclude>
    <ClInclude Include="..\Public\Terrain.h">
      <Filter>01.GameObject\Terrain</Filter>
    </ClInclude>
    <ClInclude Include="..\Public\Level_Editor.h">
      <Filter>00.Levels\Editor</Filter>
    </ClInclude>
    <ClInclude Include="..\public\Gizmo.h">
      <Filter>97.IMGUI\Controller</Filter>
    </ClInclude>
    <ClInclude Include="..\public\Pannel.h">
      <Filter>97.IMGUI\Pannel</Filter>
    </ClInclude>
    <ClInclude Include="..\public\Hierarchy.h">
      <Filter>97.IMGUI\Pannel\Hierarchy</Filter>
    </ClInclude>
    <ClInclude Include="..\public\InspectorPannel.h">
      <Filter>97.IMGUI\Pannel\Inspector</Filter>
    </ClInclude>
    <ClInclude Include="..\public\Toolbar.h">
      <Filter>97.IMGUI\Pannel\Toolbar</Filter>
    </ClInclude>
    <ClInclude Include="..\public\EditorManager.h">
      <Filter>97.IMGUI\Manager</Filter>
    </ClInclude>
    <ClInclude Include="..\public\BaseCharacter.h">
      <Filter>01.GameObject\Character</Filter>
    </ClInclude>
    <ClInclude Include="..\public\Weapon.h">
      <Filter>01.GameObject\Character\Weapon</Filter>
    </ClInclude>
    <ClInclude Include="..\public\State.h">
      <Filter>94. Pattern\State</Filter>
    </ClInclude>
    <ClInclude Include="..\public\Command.h">
      <Filter>94. Pattern\Command</Filter>
    </ClInclude>
    <ClInclude Include="..\public\InputBuffer.h">
      <Filter>94. Pattern\Command\InputBuffer</Filter>
    </ClInclude>
    <ClInclude Include="..\public\StateAttack3.h">
      <Filter>94. Pattern\State\DefaultState\Attack</Filter>
    </ClInclude>
    <ClInclude Include="..\public\StateAttack2.h">
      <Filter>94. Pattern\State\DefaultState\Attack</Filter>
    </ClInclude>
    <ClInclude Include="..\public\StateAttack1.h">
      <Filter>94. Pattern\State\DefaultState\Attack</Filter>
    </ClInclude>
    <ClInclude Include="..\public\StateSkill0.h">
      <Filter>94. Pattern\State\DefaultState\Skill</Filter>
    </ClInclude>
    <ClInclude Include="..\public\StateGuard.h">
      <Filter>94. Pattern\State\DefaultState\Guard</Filter>
    </ClInclude>
    <ClInclude Include="..\public\StateIdle.h">
      <Filter>94. Pattern\State\DefaultState\Idle</Filter>
    </ClInclude>
    <ClInclude Include="..\public\StateJump.h">
      <Filter>94. Pattern\State\DefaultState\Jump</Filter>
    </ClInclude>
    <ClInclude Include="..\public\StateAttack4.h">
      <Filter>94. Pattern\State\DefaultState\Attack</Filter>
    </ClInclude>
    <ClInclude Include="..\public\StateAttackUp.h">
      <Filter>94. Pattern\State\DefaultState\Attack</Filter>
    </ClInclude>
    <ClInclude Include="..\public\StateAttackDown.h">
      <Filter>94. Pattern\State\DefaultState\Attack</Filter>
    </ClInclude>
    <ClInclude Include="..\public\StateMove.h">
      <Filter>94. Pattern\State\DefaultState\Move</Filter>
    </ClInclude>
    <ClInclude Include="..\public\StateSkill2.h">
      <Filter>94. Pattern\State\DefaultState\Skill</Filter>
    </ClInclude>
    <ClInclude Include="..\public\StateJumpAttack.h">
      <Filter>94. Pattern\State\DefaultState\Attack</Filter>
    </ClInclude>
    <ClInclude Include="..\public\StateSkill1.h">
      <Filter>94. Pattern\State\DefaultState\Skill</Filter>
    </ClInclude>
    <ClInclude Include="..\public\Sky.h">
      <Filter>01.GameObject\Map\Sky</Filter>
    </ClInclude>
    <ClInclude Include="..\public\Environment.h">
      <Filter>01.GameObject\Map\Env</Filter>
    </ClInclude>
  </ItemGroup>
  <ItemGroup>
    <Image Include="Client.ico">
      <Filter>98.Default</Filter>
    </Image>
    <Image Include="small.ico">
      <Filter>98.Default</Filter>
    </Image>
  </ItemGroup>
  <ItemGroup>
    <ResourceCompile Include="Client.rc">
      <Filter>98.Default</Filter>
    </ResourceCompile>
  </ItemGroup>
  <ItemGroup>
    <ClCompile Include="Client.cpp">
      <Filter>98.Default</Filter>
    </ClCompile>
    <ClCompile Include="..\Private\Level_GamePlay.cpp">
      <Filter>00.Levels\GamePlay</Filter>
    </ClCompile>
    <ClCompile Include="..\Private\Level_Loading.cpp">
      <Filter>00.Levels\Loading</Filter>
    </ClCompile>
    <ClCompile Include="..\Private\Loader.cpp">
      <Filter>00.Levels\Loading\Loader</Filter>
    </ClCompile>
    <ClCompile Include="..\Private\Level_Logo.cpp">
      <Filter>00.Levels\Logo</Filter>
    </ClCompile>
    <ClCompile Include="..\private\MainApp.cpp">
      <Filter>00.MainApp</Filter>
    </ClCompile>
    <ClCompile Include="..\private\IMGUIMag.cpp">
      <Filter>97.IMGUI\Manager</Filter>
    </ClCompile>
    <ClCompile Include="..\..\External Libraries\imgui\imgui.cpp">
      <Filter>97.IMGUI\Lib</Filter>
    </ClCompile>
    <ClCompile Include="..\..\External Libraries\imgui\imgui_demo.cpp">
      <Filter>97.IMGUI\Lib</Filter>
    </ClCompile>
    <ClCompile Include="..\..\External Libraries\imgui\imgui_draw.cpp">
      <Filter>97.IMGUI\Lib</Filter>
    </ClCompile>
    <ClCompile Include="..\..\External Libraries\imgui\backends\imgui_impl_dx11.cpp">
      <Filter>97.IMGUI\Lib</Filter>
    </ClCompile>
    <ClCompile Include="..\..\External Libraries\imgui\backends\imgui_impl_win32.cpp">
      <Filter>97.IMGUI\Lib</Filter>
    </ClCompile>
    <ClCompile Include="..\..\External Libraries\imgui\imgui_tables.cpp">
      <Filter>97.IMGUI\Lib</Filter>
    </ClCompile>
    <ClCompile Include="..\..\External Libraries\imgui\imgui_widgets.cpp">
      <Filter>97.IMGUI\Lib</Filter>
    </ClCompile>
    <ClCompile Include="..\Private\BackGround.cpp">
      <Filter>01.GameObject\UI\Title\Background</Filter>
    </ClCompile>
    <ClCompile Include="..\private\JsonLoader.cpp">
      <Filter>96.Json</Filter>
    </ClCompile>
    <ClCompile Include="..\private\ObserverManager.cpp">
      <Filter>94. Pattern\Observer\Manager</Filter>
    </ClCompile>
    <ClCompile Include="..\private\FreeCamera.cpp">
      <Filter>01.GameObject\Camera</Filter>
    </ClCompile>
    <ClCompile Include="..\private\TitleCanvas.cpp">
      <Filter>01.GameObject\UI\Title</Filter>
    </ClCompile>
    <ClCompile Include="..\Private\Terrain.cpp">
      <Filter>01.GameObject\Terrain</Filter>
    </ClCompile>
    <ClCompile Include="..\Private\Level_Editor.cpp">
      <Filter>00.Levels\Editor</Filter>
    </ClCompile>
    <ClCompile Include="..\private\Gizmo.cpp">
      <Filter>97.IMGUI\Controller</Filter>
    </ClCompile>
    <ClCompile Include="..\..\External Libraries\ImGuizmo-master\GraphEditor.cpp">
      <Filter>97.IMGUI\Lib</Filter>
    </ClCompile>
    <ClCompile Include="..\..\External Libraries\ImGuizmo-master\ImCurveEdit.cpp">
      <Filter>97.IMGUI\Lib</Filter>
    </ClCompile>
    <ClCompile Include="..\..\External Libraries\ImGuizmo-master\ImGradient.cpp">
      <Filter>97.IMGUI\Lib</Filter>
    </ClCompile>
    <ClCompile Include="..\..\External Libraries\ImGuizmo-master\ImGuizmo.cpp">
      <Filter>97.IMGUI\Lib</Filter>
    </ClCompile>
    <ClCompile Include="..\..\External Libraries\ImGuizmo-master\ImSequencer.cpp">
      <Filter>97.IMGUI\Lib</Filter>
    </ClCompile>
    <ClCompile Include="..\private\Pannel.cpp">
      <Filter>97.IMGUI\Pannel</Filter>
    </ClCompile>
    <ClCompile Include="..\private\Hierarchy.cpp">
      <Filter>97.IMGUI\Pannel\Hierarchy</Filter>
    </ClCompile>
    <ClCompile Include="..\private\InspectorPannel.cpp">
      <Filter>97.IMGUI\Pannel\Inspector</Filter>
    </ClCompile>
    <ClCompile Include="..\private\Toolbar.cpp">
      <Filter>97.IMGUI\Pannel\Toolbar</Filter>
    </ClCompile>
    <ClCompile Include="..\private\EditorManager.cpp">
      <Filter>97.IMGUI\Manager</Filter>
    </ClCompile>
    <ClCompile Include="..\private\BaseCharacter.cpp">
      <Filter>01.GameObject\Character</Filter>
    </ClCompile>
    <ClCompile Include="..\..\External Libraries\imgui\imnodes.cpp">
      <Filter>97.IMGUI\Lib</Filter>
    </ClCompile>
    <ClCompile Include="..\private\Weapon.cpp">
      <Filter>01.GameObject\Character\Weapon</Filter>
    </ClCompile>
    <ClCompile Include="..\private\State.cpp">
      <Filter>94. Pattern\State</Filter>
    </ClCompile>
    <ClCompile Include="..\private\InputBuffer.cpp">
      <Filter>94. Pattern\Command\InputBuffer</Filter>
    </ClCompile>
    <ClCompile Include="..\private\StateAttack3.cpp">
      <Filter>94. Pattern\State\DefaultState\Attack</Filter>
    </ClCompile>
    <ClCompile Include="..\private\StateAttack2.cpp">
      <Filter>94. Pattern\State\DefaultState\Attack</Filter>
    </ClCompile>
    <ClCompile Include="..\private\StateAttack1.cpp">
      <Filter>94. Pattern\State\DefaultState\Attack</Filter>
    </ClCompile>
    <ClCompile Include="..\private\StateSkill0.cpp">
      <Filter>94. Pattern\State\DefaultState\Skill</Filter>
    </ClCompile>
    <ClCompile Include="..\private\StateGuard.cpp">
      <Filter>94. Pattern\State\DefaultState\Guard</Filter>
    </ClCompile>
    <ClCompile Include="..\private\StateIdle.cpp">
      <Filter>94. Pattern\State\DefaultState\Idle</Filter>
    </ClCompile>
    <ClCompile Include="..\private\StateJump.cpp">
      <Filter>94. Pattern\State\DefaultState\Jump</Filter>
    </ClCompile>
    <ClCompile Include="..\private\StateMove.cpp">
      <Filter>94. Pattern\State\DefaultState\Move</Filter>
    </ClCompile>
    <ClCompile Include="..\private\StateAttack4.cpp">
      <Filter>94. Pattern\State\DefaultState\Attack</Filter>
    </ClCompile>
    <ClCompile Include="..\private\StateAttackUp.cpp">
      <Filter>94. Pattern\State\DefaultState\Attack</Filter>
    </ClCompile>
    <ClCompile Include="..\private\StateAttackDown.cpp">
      <Filter>94. Pattern\State\DefaultState\Attack</Filter>
    </ClCompile>
    <ClCompile Include="..\private\StateSkill2.cpp">
      <Filter>94. Pattern\State\DefaultState\Skill</Filter>
    </ClCompile>
    <ClCompile Include="..\private\StateJumpAttack.cpp">
      <Filter>94. Pattern\State\DefaultState\Attack</Filter>
    </ClCompile>
    <ClCompile Include="..\private\StateSkill1.cpp">
      <Filter>94. Pattern\State\DefaultState\Skill</Filter>
    </ClCompile>
    <ClCompile Include="..\private\Sky.cpp">
      <Filter>01.GameObject\Map\Sky</Filter>
    </ClCompile>
    <ClCompile Include="..\private\Environment.cpp">
      <Filter>01.GameObject\Map\Env</Filter>
    </ClCompile>
  </ItemGroup>
  <ItemGroup>
    <FxCompile Include="..\Asset\ShaderFiles\Shader_VtxPosTex.hlsl">
      <Filter>100.ShaderFiles</Filter>
    </FxCompile>
    <FxCompile Include="..\Asset\ShaderFiles\Shader_VtxNorTex.hlsl">
      <Filter>100.ShaderFiles</Filter>
    </FxCompile>
    <FxCompile Include="..\Asset\ShaderFiles\Shader_VtxMesh.hlsl">
      <Filter>100.ShaderFiles</Filter>
    </FxCompile>
    <FxCompile Include="..\Asset\ShaderFiles\Shader_VtxAnimMesh.hlsl">
      <Filter>100.ShaderFiles</Filter>
    </FxCompile>
  </ItemGroup>
  <ItemGroup>
    <None Include="..\Asset\Json\Shaders.json">
      <Filter>96.Json\JsonFiles</Filter>
    </None>
    <None Include="..\Asset\Json\Textures.json">
      <Filter>96.Json\JsonFiles</Filter>
    </None>
    <None Include="..\Asset\Json\GamePlayObjects.json">
      <Filter>96.Json\JsonFiles</Filter>
    </None>
    <None Include="..\Asset\Json\LogoObjects.json">
      <Filter>96.Json\JsonFiles</Filter>
    </None>
    <None Include="..\Asset\Json\Object_PrototypeTag.json">
      <Filter>96.Json\JsonFiles</Filter>
    </None>
    <None Include="..\Asset\Json\Models.json">
      <Filter>96.Json\JsonFiles</Filter>
    </None>
    <None Include="..\Asset\Json\GamePlayBackgroundObj.json">
      <Filter>96.Json\JsonFiles</Filter>
    </None>
  </ItemGroup>
</Project>