<?xml version="1.0" encoding="utf-8"?>
<Project ToolsVersion="4.0" xmlns="http://schemas.microsoft.com/developer/msbuild/2003">
  <ItemGroup>
    <Filter Include="98.Default">
      <UniqueIdentifier>{e4b14c11-52df-475b-b837-3a232685c010}</UniqueIdentifier>
    </Filter>
    <Filter Include="99.Defines">
      <UniqueIdentifier>{72444e1a-0502-4c74-8392-c8e6a1e89ed0}</UniqueIdentifier>
    </Filter>
    <Filter Include="00.Levels">
      <UniqueIdentifier>{3b3aeff7-5170-4d23-a6bc-ca661d804d84}</UniqueIdentifier>
    </Filter>
    <Filter Include="00.Levels\Logo">
      <UniqueIdentifier>{fc8ef11a-d4da-4fb2-acd6-da87cf54da78}</UniqueIdentifier>
    </Filter>
    <Filter Include="00.Levels\Loading">
      <UniqueIdentifier>{d77e9a5c-f9dd-469f-9e4a-e102f2dc83a4}</UniqueIdentifier>
    </Filter>
    <Filter Include="00.Levels\GamePlay">
      <UniqueIdentifier>{a3f64273-696d-4106-b58f-efef5e5d53fe}</UniqueIdentifier>
    </Filter>
    <Filter Include="00.Levels\Loading\Loader">
      <UniqueIdentifier>{09b33f93-851a-4e38-8e8a-83626e4878cb}</UniqueIdentifier>
    </Filter>
    <Filter Include="00.MainApp">
      <UniqueIdentifier>{ffac1f7d-cb22-4ce8-a7fd-43cfb62fb4db}</UniqueIdentifier>
    </Filter>
    <Filter Include="01.GameObject">
      <UniqueIdentifier>{e674d3e7-1c24-4197-b240-8882005a214b}</UniqueIdentifier>
    </Filter>
    <Filter Include="01.GameObject\UI">
      <UniqueIdentifier>{3813ae51-6983-476e-a1f2-d743909a5d65}</UniqueIdentifier>
    </Filter>
    <Filter Include="97.IMGUI">
      <UniqueIdentifier>{2c474aa3-3a5a-4932-b610-5b8c1043248f}</UniqueIdentifier>
    </Filter>
    <Filter Include="97.IMGUI\Manager">
      <UniqueIdentifier>{34c3a51a-7a1d-41fc-a186-238ef3f091d3}</UniqueIdentifier>
    </Filter>
    <Filter Include="97.IMGUI\Lib">
      <UniqueIdentifier>{7279c5b3-acde-45e7-bef5-2202e057c392}</UniqueIdentifier>
    </Filter>
    <Filter Include="96.Json">
      <UniqueIdentifier>{f908b2d1-2f8d-40d5-a070-34641c8ba114}</UniqueIdentifier>
    </Filter>
    <Filter Include="95.BehaivorTree">
      <UniqueIdentifier>{ecfa504b-d387-4c96-90f9-e387557cd5b5}</UniqueIdentifier>
    </Filter>
    <Filter Include="100.ShaderFiles">
      <UniqueIdentifier>{a3db1018-9645-49e1-8060-77e418525ea8}</UniqueIdentifier>
    </Filter>
    <Filter Include="01.GameObject\Camera">
      <UniqueIdentifier>{3bd1a25e-c673-4d5a-a90d-73e72e1874aa}</UniqueIdentifier>
    </Filter>
    <Filter Include="01.GameObject\UI\Title">
      <UniqueIdentifier>{e00df5a4-83b1-472d-8e6c-11eaa79bea02}</UniqueIdentifier>
    </Filter>
    <Filter Include="01.GameObject\UI\Title\Background">
      <UniqueIdentifier>{8a7f108f-d75a-41ab-9bca-099ad870fc62}</UniqueIdentifier>
    </Filter>
    <Filter Include="01.GameObject\Terrain">
      <UniqueIdentifier>{6dd72460-15cb-40a9-8f5d-8ca2b1029a41}</UniqueIdentifier>
    </Filter>
    <Filter Include="96.Json\JsonFiles">
      <UniqueIdentifier>{e3310f4d-b774-4282-93e1-5dbb9c1a302c}</UniqueIdentifier>
    </Filter>
    <Filter Include="00.Levels\Editor">
      <UniqueIdentifier>{6f8dd69a-e1d3-44a5-8fcd-acc07d1baf5c}</UniqueIdentifier>
    </Filter>
    <Filter Include="97.IMGUI\Controller">
      <UniqueIdentifier>{4db6cc2d-11bf-4a93-899d-898eb0260ce8}</UniqueIdentifier>
    </Filter>
    <Filter Include="97.IMGUI\Pannel">
      <UniqueIdentifier>{0a67f351-599a-4f4e-a930-10f91c05ba69}</UniqueIdentifier>
    </Filter>
    <Filter Include="97.IMGUI\Pannel\Hierarchy">
      <UniqueIdentifier>{23e38147-90f4-45af-89d5-6554aff7c45e}</UniqueIdentifier>
    </Filter>
    <Filter Include="97.IMGUI\Pannel\Inspector">
      <UniqueIdentifier>{947cc780-9cf5-498a-adf5-975fc0133363}</UniqueIdentifier>
    </Filter>
    <Filter Include="97.IMGUI\Pannel\Toolbar">
      <UniqueIdentifier>{e9b77cf9-ef29-4bc3-81f5-1ad80a760c47}</UniqueIdentifier>
    </Filter>
    <Filter Include="01.GameObject\Character">
      <UniqueIdentifier>{56da4df4-d9d8-45f1-b628-c8d1edd1c187}</UniqueIdentifier>
    </Filter>
    <Filter Include="01.GameObject\Character\Weapon">
      <UniqueIdentifier>{bc1af78d-efe2-4685-b42d-38a2116b34c0}</UniqueIdentifier>
    </Filter>
    <Filter Include="94. Pattern">
      <UniqueIdentifier>{520c1b25-a507-471e-8105-7381c9ab6029}</UniqueIdentifier>
    </Filter>
    <Filter Include="94. Pattern\Observer">
      <UniqueIdentifier>{b3d8b20a-4967-4f84-9398-fcf865468851}</UniqueIdentifier>
    </Filter>
    <Filter Include="94. Pattern\Observer\Manager">
      <UniqueIdentifier>{92058b1c-a767-43d8-b243-ec80e04019d1}</UniqueIdentifier>
    </Filter>
    <Filter Include="94. Pattern\Command">
      <UniqueIdentifier>{03b1b549-24d9-4813-85d5-d3143224d6a4}</UniqueIdentifier>
    </Filter>
    <Filter Include="94. Pattern\Command\InputBuffer">
      <UniqueIdentifier>{386fb701-fd26-47e1-aaa1-c1d1746feaac}</UniqueIdentifier>
    </Filter>
    <Filter Include="01.GameObject\Map">
      <UniqueIdentifier>{b7eebf25-9f77-463c-b9c0-c0db03096c48}</UniqueIdentifier>
    </Filter>
    <Filter Include="01.GameObject\Map\Sky">
      <UniqueIdentifier>{ec9e8e1d-d065-42b1-9e80-8b9dbfe268b5}</UniqueIdentifier>
    </Filter>
    <Filter Include="94. Pattern\State">
      <UniqueIdentifier>{1372cab8-4be7-42e8-a3e1-a763bf2999de}</UniqueIdentifier>
    </Filter>
    <Filter Include="94. Pattern\State\DefaultState">
      <UniqueIdentifier>{eb0226f0-0b0c-4736-a995-ff22779b5703}</UniqueIdentifier>
    </Filter>
    <Filter Include="94. Pattern\State\DefaultState\Attack">
      <UniqueIdentifier>{d27db8d2-fb06-46c5-bde3-58e723300e37}</UniqueIdentifier>
    </Filter>
    <Filter Include="94. Pattern\State\DefaultState\Skill">
      <UniqueIdentifier>{a42dfe84-5740-4fe2-bc15-e969cc39059e}</UniqueIdentifier>
    </Filter>
    <Filter Include="94. Pattern\State\DefaultState\Guard">
      <UniqueIdentifier>{6086a9c3-57a2-40ac-a3b2-aa1dc36ef2d7}</UniqueIdentifier>
    </Filter>
    <Filter Include="94. Pattern\State\DefaultState\Idle">
      <UniqueIdentifier>{0417aef2-6192-45fb-a131-ec5c5ba1e35c}</UniqueIdentifier>
    </Filter>
    <Filter Include="94. Pattern\State\DefaultState\Jump">
      <UniqueIdentifier>{90b732b9-3830-45f6-b94a-cb605e82c58a}</UniqueIdentifier>
    </Filter>
    <Filter Include="94. Pattern\State\DefaultState\Move">
      <UniqueIdentifier>{fe00cddf-d025-4629-a2dd-d048e6242095}</UniqueIdentifier>
    </Filter>
    <Filter Include="01.GameObject\Map\Env">
      <UniqueIdentifier>{381f44e4-6f46-4507-9244-457f7d1e2ffb}</UniqueIdentifier>
    </Filter>
    <Filter Include="01.GameObject\Character\Akaza">
      <UniqueIdentifier>{bb6f46e4-5225-4a89-8497-58d71b871e2e}</UniqueIdentifier>
    </Filter>
    <Filter Include="01.GameObject\Character\Tanjiro">
      <UniqueIdentifier>{7ec71579-2ae9-4ee5-b505-1be66ced3bf2}</UniqueIdentifier>
    </Filter>
    <Filter Include="01.GameObject\Character\Enmu">
      <UniqueIdentifier>{3b3fa7c7-de3b-403f-b336-b21b32896178}</UniqueIdentifier>
    </Filter>
    <Filter Include="01.GameObject\Character\Kyojuro">
      <UniqueIdentifier>{4b255449-01ed-4bb1-9559-775bacb7ccbd}</UniqueIdentifier>
    </Filter>
    <Filter Include="94. Pattern\State\DefaultState\Hurt">
      <UniqueIdentifier>{54a08314-14bd-4f48-9a13-b2fe24dab60e}</UniqueIdentifier>
    </Filter>
    <Filter Include="00.Levels\Enmu_Boss">
      <UniqueIdentifier>{23c0d03d-76f5-464c-9eaf-3672ca91f84b}</UniqueIdentifier>
    </Filter>
    <Filter Include="94. Pattern\State\Enmu">
      <UniqueIdentifier>{4f49e5e8-9fa8-4b1f-9106-3970b34f2fdb}</UniqueIdentifier>
    </Filter>
    <Filter Include="01.GameObject\Character\Enmu\EnmuMeat">
      <UniqueIdentifier>{7d1d9b35-f7e9-4d0c-8d67-16bfd8584fc4}</UniqueIdentifier>
    </Filter>
    <Filter Include="01.GameObject\Character\Enmu\EnmuMeat\Parts">
      <UniqueIdentifier>{f78c85c9-9610-4099-a842-24631d1c387f}</UniqueIdentifier>
    </Filter>
    <Filter Include="01.GameObject\Character\Enmu\EnmuMeat\Parts\Head">
      <UniqueIdentifier>{4fbd8442-feb8-4a4f-ae3d-969b375491b0}</UniqueIdentifier>
    </Filter>
    <Filter Include="01.GameObject\Character\Enmu\EnmuMeat\Parts\Body">
      <UniqueIdentifier>{b27cf463-06f4-4520-a93c-93ca9fafe99a}</UniqueIdentifier>
    </Filter>
    <Filter Include="01.GameObject\Character\Enmu\EnmuMeat\Parts\Arm">
      <UniqueIdentifier>{43d64d51-25f0-4de7-9ca4-8bde2fce81e5}</UniqueIdentifier>
    </Filter>
    <Filter Include="94. Pattern\State\Enmu\Meat">
      <UniqueIdentifier>{ff78051d-ff9c-4591-9431-235308b603f5}</UniqueIdentifier>
    </Filter>
    <Filter Include="94. Pattern\State\Enmu\Meat\Arm">
      <UniqueIdentifier>{96050999-8ff2-42aa-86f0-28745c953c7a}</UniqueIdentifier>
    </Filter>
    <Filter Include="94. Pattern\State\Enmu\Meat\Body">
      <UniqueIdentifier>{8d62ea03-c414-47d5-8a2c-ce4d3c7098d2}</UniqueIdentifier>
    </Filter>
    <Filter Include="94. Pattern\State\Enmu\Meat\Head">
      <UniqueIdentifier>{ab474a26-6f88-4085-87d5-5baa000d8e17}</UniqueIdentifier>
    </Filter>
    <Filter Include="01.GameObject\Character\Enmu\EnmuMeat\Parts\Arm\Tentacle">
      <UniqueIdentifier>{f2aeb05e-25e2-4f35-a28a-517b9857f597}</UniqueIdentifier>
    </Filter>
    <Filter Include="00.Levels\Mode">
      <UniqueIdentifier>{320476e3-7ca6-45ac-85d7-3982e6a90ecd}</UniqueIdentifier>
    </Filter>
    <Filter Include="01.GameObject\UI\Ink">
      <UniqueIdentifier>{a57eec3e-c13b-4171-ac53-619d26dd0234}</UniqueIdentifier>
    </Filter>
    <Filter Include="00.Levels\Enmu">
      <UniqueIdentifier>{4e40a775-33c2-4384-a033-5d731806f3a8}</UniqueIdentifier>
    </Filter>
    <Filter Include="01.GameObject\Decal">
      <UniqueIdentifier>{83a95800-dea7-423e-8432-f0077034ba51}</UniqueIdentifier>
    </Filter>
    <Filter Include="01.GameObject\Decal\Warining">
      <UniqueIdentifier>{1656aafc-07dd-41e8-ba60-30291206bd41}</UniqueIdentifier>
    </Filter>
    <Filter Include="94. Pattern\State\DefaultState\Death">
      <UniqueIdentifier>{adab60d5-0183-4841-b304-ede3efbcac80}</UniqueIdentifier>
    </Filter>
    <Filter Include="01.GameObject\Effect">
      <UniqueIdentifier>{b1b078e7-d12f-498d-9028-9c630ca8504a}</UniqueIdentifier>
    </Filter>
    <Filter Include="01.GameObject\Effect\Particle">
      <UniqueIdentifier>{07e8c344-c8f8-4094-8ef5-06107150b61a}</UniqueIdentifier>
    </Filter>
    <Filter Include="01.GameObject\Effect\Mesh">
      <UniqueIdentifier>{c178cf4e-8c38-4748-8437-05cdf01bec91}</UniqueIdentifier>
    </Filter>
    <Filter Include="01.GameObject\Effect\Mesh\Kyo">
      <UniqueIdentifier>{9ee6738d-333d-474e-b215-ccbda6b72480}</UniqueIdentifier>
    </Filter>
    <Filter Include="01.GameObject\Effect\Manager">
      <UniqueIdentifier>{4e1f0b78-8e68-4ae8-9492-092e8eaebbaa}</UniqueIdentifier>
    </Filter>
    <Filter Include="01.GameObject\Camera\Manager">
      <UniqueIdentifier>{ccf4a0b9-cc0c-403b-8abf-1f7f2587d589}</UniqueIdentifier>
    </Filter>
    <Filter Include="01.GameObject\Effect\Particle\SlashHit">
      <UniqueIdentifier>{0b1e7c91-3719-44ca-a111-ba60a5848092}</UniqueIdentifier>
    </Filter>
    <Filter Include="01.GameObject\Effect\Particle\SlashHit\Point">
      <UniqueIdentifier>{bed6281e-1980-4d73-93c1-99647d4d365b}</UniqueIdentifier>
    </Filter>
    <Filter Include="01.GameObject\Effect\Particle\SlashHit\Cross">
      <UniqueIdentifier>{13ed1714-744b-41d9-8489-46c9bcaa6113}</UniqueIdentifier>
    </Filter>
    <Filter Include="01.GameObject\Effect\Particle\SlashHit\Shock">
      <UniqueIdentifier>{af8bac01-5b1a-49dc-a65b-961faa18dc8e}</UniqueIdentifier>
    </Filter>
    <Filter Include="01.GameObject\Effect\Mesh\Akaza">
      <UniqueIdentifier>{b33676ff-8c02-4335-8e82-8074e6077813}</UniqueIdentifier>
    </Filter>
    <Filter Include="01.GameObject\Effect\Mesh\Kyo\Enk">
      <UniqueIdentifier>{a1d14b4d-8dd2-4b88-82f9-8557504a727d}</UniqueIdentifier>
    </Filter>
    <Filter Include="01.GameObject\Effect\KyojuroEffect">
      <UniqueIdentifier>{220b8871-9543-402a-97ab-00762bb0dce7}</UniqueIdentifier>
    </Filter>
    <Filter Include="01.GameObject\Effect\Mesh\Kyo\Kie">
      <UniqueIdentifier>{03f6709d-627d-4315-97d8-67b4e79f308b}</UniqueIdentifier>
    </Filter>
    <Filter Include="01.GameObject\Effect\Mesh\Kyo\Nob">
      <UniqueIdentifier>{104df070-6a42-47af-9704-dfbe1c6e2f11}</UniqueIdentifier>
    </Filter>
    <Filter Include="01.GameObject\Effect\Mesh\Tan">
      <UniqueIdentifier>{28aae667-2a0d-41d5-bfe0-ba50e674e30c}</UniqueIdentifier>
    </Filter>
    <Filter Include="01.GameObject\Effect\TanjiroEffect">
      <UniqueIdentifier>{c5851811-d34b-4bf7-a187-1d796642b3f5}</UniqueIdentifier>
    </Filter>
    <Filter Include="01.GameObject\Effect\Mesh\Tan\Mig">
      <UniqueIdentifier>{fde6c41d-019a-4588-8f59-e2bfc65399cb}</UniqueIdentifier>
    </Filter>
    <Filter Include="01.GameObject\Effect\Mesh\Tan\Tak">
      <UniqueIdentifier>{72afdeb4-5533-4bfa-b8e2-73d70b909f3e}</UniqueIdentifier>
    </Filter>
    <Filter Include="01.GameObject\Effect\TanjiroEffect\Tak">
      <UniqueIdentifier>{3794cbf6-8e57-40ce-98fa-c2c67e645c00}</UniqueIdentifier>
    </Filter>
    <Filter Include="01.GameObject\Effect\TanjiroEffect\Mig">
      <UniqueIdentifier>{2feab6f1-b483-40d7-aefb-f1c6c6a0f24c}</UniqueIdentifier>
    </Filter>
    <Filter Include="01.GameObject\Effect\Particle\Water">
      <UniqueIdentifier>{aa5776ec-b79f-4ae1-ae57-f3f60f56aa69}</UniqueIdentifier>
    </Filter>
    <Filter Include="01.GameObject\Effect\Particle\Fire">
      <UniqueIdentifier>{9a81c86e-6e16-4d85-8890-4ceeea916869}</UniqueIdentifier>
    </Filter>
    <Filter Include="01.GameObject\Effect\Mesh\Cmm">
      <UniqueIdentifier>{d9da443e-fcd1-4a38-bbb2-5c4bbc75e5e9}</UniqueIdentifier>
    </Filter>
    <Filter Include="01.GameObject\Effect\Mesh\Akaza\Kuu">
      <UniqueIdentifier>{2e25035c-552e-4ec1-9068-1c8e3dbe7d70}</UniqueIdentifier>
    </Filter>
    <Filter Include="01.GameObject\Effect\Mesh\Akaza\Fist">
      <UniqueIdentifier>{38248b0d-fc8c-44c9-afef-430c0e73b9ce}</UniqueIdentifier>
    </Filter>
    <Filter Include="01.GameObject\Effect\TanjiroEffect\Nej">
      <UniqueIdentifier>{e7d5a15d-91f8-4e0a-8f70-25fcebd9a660}</UniqueIdentifier>
    </Filter>
    <Filter Include="01.GameObject\Effect\Mesh\Tan\Nej">
      <UniqueIdentifier>{6170a141-5e44-491d-9eb2-2b2d170ea971}</UniqueIdentifier>
    </Filter>
    <Filter Include="01.GameObject\Map\Train">
      <UniqueIdentifier>{f4e0bed1-73fd-49dc-9050-7923d86c9b2c}</UniqueIdentifier>
    </Filter>
    <Filter Include="01.GameObject\Effect\Particle\Env">
      <UniqueIdentifier>{dcc54fcc-ed7f-4e32-8aa1-30bc24aae50c}</UniqueIdentifier>
    </Filter>
    <Filter Include="01.GameObject\Effect\Mesh\Enmu">
      <UniqueIdentifier>{df8e687b-3b2e-4382-ac71-4c174a45b414}</UniqueIdentifier>
    </Filter>
  </ItemGroup>
  <ItemGroup>
    <ClInclude Include="Client.h">
      <Filter>98.Default</Filter>
    </ClInclude>
    <ClInclude Include="framework.h">
      <Filter>98.Default</Filter>
    </ClInclude>
    <ClInclude Include="Resource.h">
      <Filter>98.Default</Filter>
    </ClInclude>
    <ClInclude Include="targetver.h">
      <Filter>98.Default</Filter>
    </ClInclude>
    <ClInclude Include="..\Public\Client_Defines.h">
      <Filter>99.Defines</Filter>
    </ClInclude>
    <ClInclude Include="..\Public\Client_Enum.h">
      <Filter>99.Defines</Filter>
    </ClInclude>
    <ClInclude Include="..\Public\Level_GamePlay.h">
      <Filter>00.Levels\GamePlay</Filter>
    </ClInclude>
    <ClInclude Include="..\Public\Level_Loading.h">
      <Filter>00.Levels\Loading</Filter>
    </ClInclude>
    <ClInclude Include="..\Public\Loader.h">
      <Filter>00.Levels\Loading\Loader</Filter>
    </ClInclude>
    <ClInclude Include="..\Public\Level_Logo.h">
      <Filter>00.Levels\Logo</Filter>
    </ClInclude>
    <ClInclude Include="..\public\MainApp.h">
      <Filter>00.MainApp</Filter>
    </ClInclude>
    <ClInclude Include="..\public\IMGUIMag.h">
      <Filter>97.IMGUI\Manager</Filter>
    </ClInclude>
    <ClInclude Include="..\Public\BackGround.h">
      <Filter>01.GameObject\UI\Title\Background</Filter>
    </ClInclude>
    <ClInclude Include="..\public\JsonLoader.h">
      <Filter>96.Json</Filter>
    </ClInclude>
    <ClInclude Include="..\Public\Client_Function.h">
      <Filter>99.Defines</Filter>
    </ClInclude>
    <ClInclude Include="..\Public\BehaviorTree.h">
      <Filter>95.BehaivorTree</Filter>
    </ClInclude>
    <ClInclude Include="..\Public\CompositeNode.h">
      <Filter>95.BehaivorTree</Filter>
    </ClInclude>
    <ClInclude Include="..\Public\Node.h">
      <Filter>95.BehaivorTree</Filter>
    </ClInclude>
    <ClInclude Include="..\Public\TaskNode.h">
      <Filter>95.BehaivorTree</Filter>
    </ClInclude>
    <ClInclude Include="..\public\ObserverManager.h">
      <Filter>94. Pattern\Observer\Manager</Filter>
    </ClInclude>
    <ClInclude Include="..\public\Observer.h">
      <Filter>94. Pattern\Observer</Filter>
    </ClInclude>
    <ClInclude Include="..\public\FreeCamera.h">
      <Filter>01.GameObject\Camera</Filter>
    </ClInclude>
    <ClInclude Include="..\Public\Terrain.h">
      <Filter>01.GameObject\Terrain</Filter>
    </ClInclude>
    <ClInclude Include="..\Public\Level_Editor.h">
      <Filter>00.Levels\Editor</Filter>
    </ClInclude>
    <ClInclude Include="..\public\Gizmo.h">
      <Filter>97.IMGUI\Controller</Filter>
    </ClInclude>
    <ClInclude Include="..\public\Panel.h">
      <Filter>97.IMGUI\Pannel</Filter>
    </ClInclude>
    <ClInclude Include="..\public\Hierarchy.h">
      <Filter>97.IMGUI\Pannel\Hierarchy</Filter>
    </ClInclude>
    <ClInclude Include="..\public\InspectorPanel.h">
      <Filter>97.IMGUI\Pannel\Inspector</Filter>
    </ClInclude>
    <ClInclude Include="..\public\Toolbar.h">
      <Filter>97.IMGUI\Pannel\Toolbar</Filter>
    </ClInclude>
    <ClInclude Include="..\public\EditorManager.h">
      <Filter>97.IMGUI\Manager</Filter>
    </ClInclude>
    <ClInclude Include="..\public\BaseCharacter.h">
      <Filter>01.GameObject\Character</Filter>
    </ClInclude>
    <ClInclude Include="..\public\Weapon.h">
      <Filter>01.GameObject\Character\Weapon</Filter>
    </ClInclude>
    <ClInclude Include="..\public\State.h">
      <Filter>94. Pattern\State</Filter>
    </ClInclude>
    <ClInclude Include="..\public\Command.h">
      <Filter>94. Pattern\Command</Filter>
    </ClInclude>
    <ClInclude Include="..\public\InputBuffer.h">
      <Filter>94. Pattern\Command\InputBuffer</Filter>
    </ClInclude>
    <ClInclude Include="..\public\StateGuard.h">
      <Filter>94. Pattern\State\DefaultState\Guard</Filter>
    </ClInclude>
    <ClInclude Include="..\public\StateIdle.h">
      <Filter>94. Pattern\State\DefaultState\Idle</Filter>
    </ClInclude>
    <ClInclude Include="..\public\StateJump.h">
      <Filter>94. Pattern\State\DefaultState\Jump</Filter>
    </ClInclude>
    <ClInclude Include="..\public\StateMove.h">
      <Filter>94. Pattern\State\DefaultState\Move</Filter>
    </ClInclude>
    <ClInclude Include="..\public\StateJumpAttack.h">
      <Filter>94. Pattern\State\DefaultState\Attack</Filter>
    </ClInclude>
    <ClInclude Include="..\public\Sky.h">
      <Filter>01.GameObject\Map\Sky</Filter>
    </ClInclude>
    <ClInclude Include="..\public\Environment.h">
      <Filter>01.GameObject\Map\Env</Filter>
    </ClInclude>
    <ClInclude Include="..\public\ThirdPersonCamera.h">
      <Filter>01.GameObject\Camera</Filter>
    </ClInclude>
    <ClInclude Include="..\public\Tanjiro.h">
      <Filter>01.GameObject\Character\Tanjiro</Filter>
    </ClInclude>
    <ClInclude Include="..\public\Akaza.h">
      <Filter>01.GameObject\Character\Akaza</Filter>
    </ClInclude>
    <ClInclude Include="..\Public\Kyojuro.h">
      <Filter>01.GameObject\Character\Kyojuro</Filter>
    </ClInclude>
    <ClInclude Include="..\public\StateStep.h">
      <Filter>94. Pattern\State\DefaultState\Move</Filter>
    </ClInclude>
    <ClInclude Include="..\Public\Client_Struct.h">
      <Filter>99.Defines</Filter>
    </ClInclude>
    <ClInclude Include="..\public\StateHurt.h">
      <Filter>94. Pattern\State\DefaultState\Hurt</Filter>
    </ClInclude>
    <ClInclude Include="..\public\BodyColliderParts.h">
      <Filter>01.GameObject\Character</Filter>
    </ClInclude>
    <ClInclude Include="..\Public\Level_EnmuBoss.h">
      <Filter>00.Levels\Enmu_Boss</Filter>
    </ClInclude>
    <ClInclude Include="..\public\EnmuArm.h">
      <Filter>01.GameObject\Character\Enmu\EnmuMeat\Parts\Arm</Filter>
    </ClInclude>
    <ClInclude Include="..\public\EnmuParts.h">
      <Filter>01.GameObject\Character\Enmu\EnmuMeat\Parts</Filter>
    </ClInclude>
    <ClInclude Include="..\public\EnmuMeat.h">
      <Filter>01.GameObject\Character\Enmu\EnmuMeat</Filter>
    </ClInclude>
    <ClInclude Include="..\Public\EnmuBody.h">
      <Filter>01.GameObject\Character\Enmu\EnmuMeat\Parts\Body</Filter>
    </ClInclude>
    <ClInclude Include="..\Public\EnmuHead.h">
      <Filter>01.GameObject\Character\Enmu\EnmuMeat\Parts\Head</Filter>
    </ClInclude>
    <ClInclude Include="..\public\BossState.h">
      <Filter>94. Pattern\State\Enmu\Meat</Filter>
    </ClInclude>
    <ClInclude Include="..\public\BossIdle.h">
      <Filter>94. Pattern\State\Enmu\Meat</Filter>
    </ClInclude>
    <ClInclude Include="..\public\BossAngryFreeze.h">
      <Filter>94. Pattern\State\Enmu\Meat\Arm</Filter>
    </ClInclude>
    <ClInclude Include="..\public\BossFollowPunch.h">
      <Filter>94. Pattern\State\Enmu\Meat\Arm</Filter>
    </ClInclude>
    <ClInclude Include="..\public\BossFreezeAttack.h">
      <Filter>94. Pattern\State\Enmu\Meat\Arm</Filter>
    </ClInclude>
    <ClInclude Include="..\public\BossHandAttack.h">
      <Filter>94. Pattern\State\Enmu\Meat\Arm</Filter>
    </ClInclude>
    <ClInclude Include="..\public\BossPunch.h">
      <Filter>94. Pattern\State\Enmu\Meat\Arm</Filter>
    </ClInclude>
    <ClInclude Include="..\public\BossTentacle.h">
      <Filter>94. Pattern\State\Enmu\Meat\Arm</Filter>
    </ClInclude>
    <ClInclude Include="..\public\BossSwingAttack.h">
      <Filter>94. Pattern\State\Enmu\Meat\Arm</Filter>
    </ClInclude>
    <ClInclude Include="..\public\BossOpen.h">
      <Filter>94. Pattern\State\Enmu\Meat\Body</Filter>
    </ClInclude>
    <ClInclude Include="..\public\BossHurt.h">
      <Filter>94. Pattern\State\Enmu\Meat\Head</Filter>
    </ClInclude>
    <ClInclude Include="..\public\EnmuTentacle.h">
      <Filter>01.GameObject\Character\Enmu\EnmuMeat</Filter>
    </ClInclude>
    <ClInclude Include="..\Public\Level_Mode.h">
      <Filter>00.Levels\Mode</Filter>
    </ClInclude>
    <ClInclude Include="..\public\UIAnimImage.h">
      <Filter>01.GameObject\UI\Ink</Filter>
    </ClInclude>
    <ClInclude Include="..\Public\Level_BattleSelect.h">
      <Filter>00.Levels\Enmu</Filter>
    </ClInclude>
    <ClInclude Include="..\public\Decal.h">
      <Filter>01.GameObject\Decal</Filter>
    </ClInclude>
    <ClInclude Include="..\public\WarningZoneDecal.h">
      <Filter>01.GameObject\Decal\Warining</Filter>
    </ClInclude>
    <ClInclude Include="..\public\StateDeath.h">
      <Filter>94. Pattern\State\DefaultState\Death</Filter>
    </ClInclude>
    <ClInclude Include="..\Public\ParticleEffect.h">
      <Filter>01.GameObject\Effect\Particle</Filter>
    </ClInclude>
    <ClInclude Include="..\public\Effect.h">
      <Filter>01.GameObject\Effect</Filter>
    </ClInclude>
    <ClInclude Include="..\public\MeshEffect.h">
      <Filter>01.GameObject\Effect\Mesh</Filter>
    </ClInclude>
    <ClInclude Include="..\public\FireSlashEffect.h">
      <Filter>01.GameObject\Effect\Mesh\Kyo</Filter>
    </ClInclude>
    <ClInclude Include="..\public\EffectManager.h">
      <Filter>01.GameObject\Effect\Manager</Filter>
    </ClInclude>
    <ClInclude Include="..\public\SlashEffect.h">
      <Filter>01.GameObject\Effect\Mesh</Filter>
    </ClInclude>
    <ClInclude Include="..\public\CutSceneCamera.h">
      <Filter>01.GameObject\Camera</Filter>
    </ClInclude>
    <ClInclude Include="..\public\CameraMag.h">
      <Filter>01.GameObject\Camera\Manager</Filter>
    </ClInclude>
    <ClInclude Include="..\public\BossDeath.h">
      <Filter>94. Pattern\State\Enmu</Filter>
    </ClInclude>
    <ClInclude Include="..\public\HitParticle.h">
      <Filter>01.GameObject\Effect\Particle\SlashHit\Point</Filter>
    </ClInclude>
    <ClInclude Include="..\Public\HitSlashCrossParticle.h">
      <Filter>01.GameObject\Effect\Particle\SlashHit\Cross</Filter>
    </ClInclude>
    <ClInclude Include="..\public\MySequence.h">
      <Filter>97.IMGUI\Controller</Filter>
    </ClInclude>
    <ClInclude Include="..\Public\HitShockParticle.h">
      <Filter>01.GameObject\Effect\Particle\SlashHit\Shock</Filter>
    </ClInclude>
    <ClInclude Include="..\Public\WindSlashEffect.h">
      <Filter>01.GameObject\Effect\Mesh\Akaza</Filter>
    </ClInclude>
    <ClInclude Include="..\Public\KyojuroEnkEffect.h">
      <Filter>01.GameObject\Effect\Mesh\Kyo\Enk</Filter>
    </ClInclude>
    <ClInclude Include="..\Public\KyojuroEnkSpiralEffect.h">
      <Filter>01.GameObject\Effect\Mesh\Kyo\Enk</Filter>
    </ClInclude>
    <ClInclude Include="..\public\KyojuroEnk.h">
      <Filter>01.GameObject\Effect\KyojuroEffect</Filter>
    </ClInclude>
    <ClInclude Include="..\Public\KyojuroKienEffect.h">
      <Filter>01.GameObject\Effect\Mesh\Kyo\Kie</Filter>
    </ClInclude>
    <ClInclude Include="..\Public\KyojuroNobEffect.h">
      <Filter>01.GameObject\Effect\Mesh\Kyo\Nob</Filter>
    </ClInclude>
    <ClInclude Include="..\Public\TanMigRingEffect.h">
      <Filter>01.GameObject\Effect\Mesh\Tan\Mig</Filter>
    </ClInclude>
    <ClInclude Include="..\Public\TanMigEffect.h">
      <Filter>01.GameObject\Effect\Mesh\Tan\Mig</Filter>
    </ClInclude>
    <ClInclude Include="..\Public\DashSmokeEffect.h">
      <Filter>01.GameObject\Effect\Mesh\Akaza</Filter>
    </ClInclude>
    <ClInclude Include="..\Public\TanTakEffect.h">
      <Filter>01.GameObject\Effect\Mesh\Tan\Tak</Filter>
    </ClInclude>
    <ClInclude Include="..\Public\TanjiroMig.h">
      <Filter>01.GameObject\Effect\TanjiroEffect\Mig</Filter>
    </ClInclude>
    <ClInclude Include="..\Public\TanjiroTak.h">
      <Filter>01.GameObject\Effect\TanjiroEffect\Tak</Filter>
    </ClInclude>
    <ClInclude Include="..\Public\WaterParticle.h">
      <Filter>01.GameObject\Effect\Particle\Water</Filter>
    </ClInclude>
    <ClInclude Include="..\Public\WaterWaveParticle.h">
      <Filter>01.GameObject\Effect\Particle\Water</Filter>
    </ClInclude>
    <ClInclude Include="..\Public\FireParticle.h">
      <Filter>01.GameObject\Effect\Particle\Fire</Filter>
    </ClInclude>
    <ClInclude Include="..\Public\FireSpreadParticle.h">
      <Filter>01.GameObject\Effect\Particle\Fire</Filter>
    </ClInclude>
    <ClInclude Include="..\Public\HitBodyShockParticle.h">
      <Filter>01.GameObject\Effect\Particle\SlashHit\Shock</Filter>
    </ClInclude>
    <ClInclude Include="..\Public\EnkFireSpreadParticle.h">
      <Filter>01.GameObject\Effect\Particle\Fire</Filter>
    </ClInclude>
    <ClInclude Include="..\Public\GuardEffect.h">
      <Filter>01.GameObject\Effect\Mesh\Cmm</Filter>
    </ClInclude>
    <ClInclude Include="..\Public\AkaFistEffect.h">
      <Filter>01.GameObject\Effect\Mesh\Akaza\Fist</Filter>
    </ClInclude>
    <ClInclude Include="..\Public\AkaKuBulletEffect.h">
      <Filter>01.GameObject\Effect\Mesh\Akaza\Kuu</Filter>
    </ClInclude>
    <ClInclude Include="..\Public\TanNejVortexEffect.h">
      <Filter>01.GameObject\Effect\Mesh\Tan\Nej</Filter>
    </ClInclude>
    <ClInclude Include="..\Public\TanNejWindEffect.h">
      <Filter>01.GameObject\Effect\Mesh\Tan\Nej</Filter>
    </ClInclude>
    <ClInclude Include="..\Public\TanjiroNej.h">
      <Filter>01.GameObject\Effect\TanjiroEffect\Nej</Filter>
    </ClInclude>
    <ClInclude Include="..\public\TrainPointLight.h">
      <Filter>01.GameObject\Map\Train</Filter>
    </ClInclude>
    <ClInclude Include="..\Public\TrainSmokeParticle.h">
      <Filter>01.GameObject\Effect\Particle\Env</Filter>
    </ClInclude>
    <ClInclude Include="..\Public\EnmuSwingWindEffect.h">
      <Filter>01.GameObject\Effect\Mesh\Enmu</Filter>
    </ClInclude>
    <ClInclude Include="..\Public\EnmuPunchWindEffect.h">
      <Filter>01.GameObject\Effect\Mesh\Enmu</Filter>
    </ClInclude>
    <ClInclude Include="..\Public\EnvWindEffect.h">
      <Filter>01.GameObject\Effect\Particle\Env</Filter>
    </ClInclude>
    <ClInclude Include="..\Public\RingWindEffect.h">
      <Filter>01.GameObject\Effect\Mesh\Cmm</Filter>
    </ClInclude>
    <ClInclude Include="..\Public\StateAttack.h">
      <Filter>94. Pattern\State\DefaultState\Attack</Filter>
    </ClInclude>
    <ClInclude Include="..\Public\StateSkill.h">
      <Filter>94. Pattern\State\DefaultState\Skill</Filter>
    </ClInclude>
  </ItemGroup>
  <ItemGroup>
    <Image Include="Client.ico">
      <Filter>98.Default</Filter>
    </Image>
    <Image Include="small.ico">
      <Filter>98.Default</Filter>
    </Image>
  </ItemGroup>
  <ItemGroup>
    <ResourceCompile Include="Client.rc">
      <Filter>98.Default</Filter>
    </ResourceCompile>
  </ItemGroup>
  <ItemGroup>
    <ClCompile Include="Client.cpp">
      <Filter>98.Default</Filter>
    </ClCompile>
    <ClCompile Include="..\Private\Level_GamePlay.cpp">
      <Filter>00.Levels\GamePlay</Filter>
    </ClCompile>
    <ClCompile Include="..\Private\Level_Loading.cpp">
      <Filter>00.Levels\Loading</Filter>
    </ClCompile>
    <ClCompile Include="..\Private\Loader.cpp">
      <Filter>00.Levels\Loading\Loader</Filter>
    </ClCompile>
    <ClCompile Include="..\Private\Level_Logo.cpp">
      <Filter>00.Levels\Logo</Filter>
    </ClCompile>
    <ClCompile Include="..\private\MainApp.cpp">
      <Filter>00.MainApp</Filter>
    </ClCompile>
    <ClCompile Include="..\private\IMGUIMag.cpp">
      <Filter>97.IMGUI\Manager</Filter>
    </ClCompile>
    <ClCompile Include="..\..\External Libraries\imgui\imgui.cpp">
      <Filter>97.IMGUI\Lib</Filter>
    </ClCompile>
    <ClCompile Include="..\..\External Libraries\imgui\imgui_demo.cpp">
      <Filter>97.IMGUI\Lib</Filter>
    </ClCompile>
    <ClCompile Include="..\..\External Libraries\imgui\imgui_draw.cpp">
      <Filter>97.IMGUI\Lib</Filter>
    </ClCompile>
    <ClCompile Include="..\..\External Libraries\imgui\backends\imgui_impl_dx11.cpp">
      <Filter>97.IMGUI\Lib</Filter>
    </ClCompile>
    <ClCompile Include="..\..\External Libraries\imgui\backends\imgui_impl_win32.cpp">
      <Filter>97.IMGUI\Lib</Filter>
    </ClCompile>
    <ClCompile Include="..\..\External Libraries\imgui\imgui_tables.cpp">
      <Filter>97.IMGUI\Lib</Filter>
    </ClCompile>
    <ClCompile Include="..\..\External Libraries\imgui\imgui_widgets.cpp">
      <Filter>97.IMGUI\Lib</Filter>
    </ClCompile>
    <ClCompile Include="..\Private\BackGround.cpp">
      <Filter>01.GameObject\UI\Title\Background</Filter>
    </ClCompile>
    <ClCompile Include="..\private\JsonLoader.cpp">
      <Filter>96.Json</Filter>
    </ClCompile>
    <ClCompile Include="..\private\ObserverManager.cpp">
      <Filter>94. Pattern\Observer\Manager</Filter>
    </ClCompile>
    <ClCompile Include="..\private\FreeCamera.cpp">
      <Filter>01.GameObject\Camera</Filter>
    </ClCompile>
    <ClCompile Include="..\Private\Terrain.cpp">
      <Filter>01.GameObject\Terrain</Filter>
    </ClCompile>
    <ClCompile Include="..\Private\Level_Editor.cpp">
      <Filter>00.Levels\Editor</Filter>
    </ClCompile>
    <ClCompile Include="..\private\Gizmo.cpp">
      <Filter>97.IMGUI\Controller</Filter>
    </ClCompile>
    <ClCompile Include="..\..\External Libraries\ImGuizmo-master\GraphEditor.cpp">
      <Filter>97.IMGUI\Lib</Filter>
    </ClCompile>
    <ClCompile Include="..\..\External Libraries\ImGuizmo-master\ImCurveEdit.cpp">
      <Filter>97.IMGUI\Lib</Filter>
    </ClCompile>
    <ClCompile Include="..\..\External Libraries\ImGuizmo-master\ImGradient.cpp">
      <Filter>97.IMGUI\Lib</Filter>
    </ClCompile>
    <ClCompile Include="..\..\External Libraries\ImGuizmo-master\ImGuizmo.cpp">
      <Filter>97.IMGUI\Lib</Filter>
    </ClCompile>
    <ClCompile Include="..\..\External Libraries\ImGuizmo-master\ImSequencer.cpp">
      <Filter>97.IMGUI\Lib</Filter>
    </ClCompile>
    <ClCompile Include="..\private\Panel.cpp">
      <Filter>97.IMGUI\Pannel</Filter>
    </ClCompile>
    <ClCompile Include="..\private\Hierarchy.cpp">
      <Filter>97.IMGUI\Pannel\Hierarchy</Filter>
    </ClCompile>
    <ClCompile Include="..\private\InspectorPanel.cpp">
      <Filter>97.IMGUI\Pannel\Inspector</Filter>
    </ClCompile>
    <ClCompile Include="..\private\Toolbar.cpp">
      <Filter>97.IMGUI\Pannel\Toolbar</Filter>
    </ClCompile>
    <ClCompile Include="..\private\EditorManager.cpp">
      <Filter>97.IMGUI\Manager</Filter>
    </ClCompile>
    <ClCompile Include="..\private\BaseCharacter.cpp">
      <Filter>01.GameObject\Character</Filter>
    </ClCompile>
    <ClCompile Include="..\..\External Libraries\imgui\imnodes.cpp">
      <Filter>97.IMGUI\Lib</Filter>
    </ClCompile>
    <ClCompile Include="..\private\Weapon.cpp">
      <Filter>01.GameObject\Character\Weapon</Filter>
    </ClCompile>
    <ClCompile Include="..\private\State.cpp">
      <Filter>94. Pattern\State</Filter>
    </ClCompile>
    <ClCompile Include="..\private\InputBuffer.cpp">
      <Filter>94. Pattern\Command\InputBuffer</Filter>
    </ClCompile>
    <ClCompile Include="..\private\StateGuard.cpp">
      <Filter>94. Pattern\State\DefaultState\Guard</Filter>
    </ClCompile>
    <ClCompile Include="..\private\StateIdle.cpp">
      <Filter>94. Pattern\State\DefaultState\Idle</Filter>
    </ClCompile>
    <ClCompile Include="..\private\StateJump.cpp">
      <Filter>94. Pattern\State\DefaultState\Jump</Filter>
    </ClCompile>
    <ClCompile Include="..\private\StateMove.cpp">
      <Filter>94. Pattern\State\DefaultState\Move</Filter>
    </ClCompile>
    <ClCompile Include="..\private\StateJumpAttack.cpp">
      <Filter>94. Pattern\State\DefaultState\Attack</Filter>
    </ClCompile>
    <ClCompile Include="..\private\Sky.cpp">
      <Filter>01.GameObject\Map\Sky</Filter>
    </ClCompile>
    <ClCompile Include="..\private\Environment.cpp">
      <Filter>01.GameObject\Map\Env</Filter>
    </ClCompile>
    <ClCompile Include="..\private\ThirdPersonCamera.cpp">
      <Filter>01.GameObject\Camera</Filter>
    </ClCompile>
    <ClCompile Include="..\private\Tanjiro.cpp">
      <Filter>01.GameObject\Character\Tanjiro</Filter>
    </ClCompile>
    <ClCompile Include="..\private\Akaza.cpp">
      <Filter>01.GameObject\Character\Akaza</Filter>
    </ClCompile>
    <ClCompile Include="..\Private\Kyojuro.cpp">
      <Filter>01.GameObject\Character\Kyojuro</Filter>
    </ClCompile>
    <ClCompile Include="..\private\StateStep.cpp">
      <Filter>94. Pattern\State\DefaultState\Move</Filter>
    </ClCompile>
    <ClCompile Include="..\private\StateHurt.cpp">
      <Filter>94. Pattern\State\DefaultState\Hurt</Filter>
    </ClCompile>
    <ClCompile Include="..\private\BodyColliderParts.cpp">
      <Filter>01.GameObject\Character</Filter>
    </ClCompile>
    <ClCompile Include="..\Private\Level_EnmuBoss.cpp">
      <Filter>00.Levels\Enmu_Boss</Filter>
    </ClCompile>
    <ClCompile Include="..\private\EnmuArm.cpp">
      <Filter>01.GameObject\Character\Enmu\EnmuMeat\Parts\Arm</Filter>
    </ClCompile>
    <ClCompile Include="..\private\EnmuParts.cpp">
      <Filter>01.GameObject\Character\Enmu\EnmuMeat\Parts</Filter>
    </ClCompile>
    <ClCompile Include="..\private\EnmuMeat.cpp">
      <Filter>01.GameObject\Character\Enmu\EnmuMeat</Filter>
    </ClCompile>
    <ClCompile Include="..\Private\EnmuBody.cpp">
      <Filter>01.GameObject\Character\Enmu\EnmuMeat\Parts\Body</Filter>
    </ClCompile>
    <ClCompile Include="..\Private\EnmuHead.cpp">
      <Filter>01.GameObject\Character\Enmu\EnmuMeat\Parts\Head</Filter>
    </ClCompile>
    <ClCompile Include="..\private\BossState.cpp">
      <Filter>94. Pattern\State\Enmu\Meat</Filter>
    </ClCompile>
    <ClCompile Include="..\private\BossAngryFreeze.cpp">
      <Filter>94. Pattern\State\Enmu\Meat\Arm</Filter>
    </ClCompile>
    <ClCompile Include="..\private\BossFollowPunch.cpp">
      <Filter>94. Pattern\State\Enmu\Meat\Arm</Filter>
    </ClCompile>
    <ClCompile Include="..\private\BossFreezeAttack.cpp">
      <Filter>94. Pattern\State\Enmu\Meat\Arm</Filter>
    </ClCompile>
    <ClCompile Include="..\private\BossHandAttack.cpp">
      <Filter>94. Pattern\State\Enmu\Meat\Arm</Filter>
    </ClCompile>
    <ClCompile Include="..\private\BossPunch.cpp">
      <Filter>94. Pattern\State\Enmu\Meat\Arm</Filter>
    </ClCompile>
    <ClCompile Include="..\private\BossTentacle.cpp">
      <Filter>94. Pattern\State\Enmu\Meat\Arm</Filter>
    </ClCompile>
    <ClCompile Include="..\private\BossSwingAttack.cpp">
      <Filter>94. Pattern\State\Enmu\Meat\Arm</Filter>
    </ClCompile>
    <ClCompile Include="..\private\BossOpen.cpp">
      <Filter>94. Pattern\State\Enmu\Meat\Body</Filter>
    </ClCompile>
    <ClCompile Include="..\private\BossHurt.cpp">
      <Filter>94. Pattern\State\Enmu\Meat\Head</Filter>
    </ClCompile>
    <ClCompile Include="..\private\BossIdle.cpp">
      <Filter>94. Pattern\State\Enmu\Meat</Filter>
    </ClCompile>
    <ClCompile Include="..\private\EnmuTentacle.cpp">
      <Filter>01.GameObject\Character\Enmu\EnmuMeat</Filter>
    </ClCompile>
    <ClCompile Include="..\Private\Level_Mode.cpp">
      <Filter>00.Levels\Mode</Filter>
    </ClCompile>
    <ClCompile Include="..\private\UIAnimImage.cpp">
      <Filter>01.GameObject\UI\Ink</Filter>
    </ClCompile>
    <ClCompile Include="..\Private\Level_BattleSelect.cpp">
      <Filter>00.Levels\Enmu</Filter>
    </ClCompile>
    <ClCompile Include="..\private\Decal.cpp">
      <Filter>01.GameObject\Decal</Filter>
    </ClCompile>
    <ClCompile Include="..\private\WarningZoneDecal.cpp">
      <Filter>01.GameObject\Decal\Warining</Filter>
    </ClCompile>
    <ClCompile Include="..\private\StateDeath.cpp">
      <Filter>94. Pattern\State\DefaultState\Death</Filter>
    </ClCompile>
    <ClCompile Include="..\Private\ParticleEffect.cpp">
      <Filter>01.GameObject\Effect\Particle</Filter>
    </ClCompile>
    <ClCompile Include="..\private\Effect.cpp">
      <Filter>01.GameObject\Effect</Filter>
    </ClCompile>
    <ClCompile Include="..\private\MeshEffect.cpp">
      <Filter>01.GameObject\Effect\Mesh</Filter>
    </ClCompile>
    <ClCompile Include="..\private\FireSlashEffect.cpp">
      <Filter>01.GameObject\Effect\Mesh\Kyo</Filter>
    </ClCompile>
    <ClCompile Include="..\private\EffectManager.cpp">
      <Filter>01.GameObject\Effect\Manager</Filter>
    </ClCompile>
    <ClCompile Include="..\private\SlashEffect.cpp">
      <Filter>01.GameObject\Effect\Mesh</Filter>
    </ClCompile>
    <ClCompile Include="..\private\CutSceneCamera.cpp">
      <Filter>01.GameObject\Camera</Filter>
    </ClCompile>
    <ClCompile Include="..\private\CameraMag.cpp">
      <Filter>01.GameObject\Camera\Manager</Filter>
    </ClCompile>
    <ClCompile Include="..\private\BossDeath.cpp">
      <Filter>94. Pattern\State\Enmu</Filter>
    </ClCompile>
    <ClCompile Include="..\private\HitParticle.cpp">
      <Filter>01.GameObject\Effect\Particle\SlashHit\Point</Filter>
    </ClCompile>
    <ClCompile Include="..\Private\HitSlashCrossParticle.cpp">
      <Filter>01.GameObject\Effect\Particle\SlashHit\Cross</Filter>
    </ClCompile>
    <ClCompile Include="..\private\MySequence.cpp">
      <Filter>97.IMGUI\Controller</Filter>
    </ClCompile>
    <ClCompile Include="..\Private\HitShockParticle.cpp">
      <Filter>01.GameObject\Effect\Particle\SlashHit\Shock</Filter>
    </ClCompile>
    <ClCompile Include="..\Private\WindSlashEffect.cpp">
      <Filter>01.GameObject\Effect\Mesh\Akaza</Filter>
    </ClCompile>
    <ClCompile Include="..\Private\KyojuroEnkEffect.cpp">
      <Filter>01.GameObject\Effect\Mesh\Kyo\Enk</Filter>
    </ClCompile>
    <ClCompile Include="..\Private\KyojuroEnkSpiralEffect.cpp">
      <Filter>01.GameObject\Effect\Mesh\Kyo\Enk</Filter>
    </ClCompile>
    <ClCompile Include="..\private\KyojuroEnk.cpp">
      <Filter>01.GameObject\Effect\KyojuroEffect</Filter>
    </ClCompile>
    <ClCompile Include="..\Private\KyojuroKienEffect.cpp">
      <Filter>01.GameObject\Effect\Mesh\Kyo\Kie</Filter>
    </ClCompile>
    <ClCompile Include="..\Private\KyojuroNobEffect.cpp">
      <Filter>01.GameObject\Effect\Mesh\Kyo\Nob</Filter>
    </ClCompile>
    <ClCompile Include="..\Private\TanMigRingEffect.cpp">
      <Filter>01.GameObject\Effect\Mesh\Tan\Mig</Filter>
    </ClCompile>
    <ClCompile Include="..\Private\TanMigEffect.cpp">
      <Filter>01.GameObject\Effect\Mesh\Tan\Mig</Filter>
    </ClCompile>
    <ClCompile Include="..\Private\DashSmokeEffect.cpp">
      <Filter>01.GameObject\Effect\Mesh\Akaza</Filter>
    </ClCompile>
    <ClCompile Include="..\Private\TanTakEffect.cpp">
      <Filter>01.GameObject\Effect\Mesh\Tan\Tak</Filter>
    </ClCompile>
    <ClCompile Include="..\Private\TanjiroMig.cpp">
      <Filter>01.GameObject\Effect\TanjiroEffect\Mig</Filter>
    </ClCompile>
    <ClCompile Include="..\Private\TanjiroTak.cpp">
      <Filter>01.GameObject\Effect\TanjiroEffect\Tak</Filter>
    </ClCompile>
    <ClCompile Include="..\Private\WaterParticle.cpp">
      <Filter>01.GameObject\Effect\Particle\Water</Filter>
    </ClCompile>
    <ClCompile Include="..\Private\WaterWaveParticle.cpp">
      <Filter>01.GameObject\Effect\Particle\Water</Filter>
    </ClCompile>
    <ClCompile Include="..\Private\FireParticle.cpp">
      <Filter>01.GameObject\Effect\Particle\Fire</Filter>
    </ClCompile>
    <ClCompile Include="..\Private\FireSpreadParticle.cpp">
      <Filter>01.GameObject\Effect\Particle\Fire</Filter>
    </ClCompile>
    <ClCompile Include="..\Private\HitBodyShockParticle.cpp">
      <Filter>01.GameObject\Effect\Particle\SlashHit\Shock</Filter>
    </ClCompile>
    <ClCompile Include="..\Private\EnkFireSpreadParticle.cpp">
      <Filter>01.GameObject\Effect\Particle\Fire</Filter>
    </ClCompile>
    <ClCompile Include="..\Private\GuardEffect.cpp">
      <Filter>01.GameObject\Effect\Mesh\Cmm</Filter>
    </ClCompile>
    <ClCompile Include="..\Private\AkaFistEffect.cpp">
      <Filter>01.GameObject\Effect\Mesh\Akaza\Fist</Filter>
    </ClCompile>
    <ClCompile Include="..\Private\AkaKuBulletEffect.cpp">
      <Filter>01.GameObject\Effect\Mesh\Akaza\Kuu</Filter>
    </ClCompile>
    <ClCompile Include="..\Private\TanNejVortexEffect.cpp">
      <Filter>01.GameObject\Effect\Mesh\Tan\Nej</Filter>
    </ClCompile>
    <ClCompile Include="..\Private\TanNejWindEffect.cpp">
      <Filter>01.GameObject\Effect\Mesh\Tan\Nej</Filter>
    </ClCompile>
    <ClCompile Include="..\Private\TanjiroNej.cpp">
      <Filter>01.GameObject\Effect\TanjiroEffect\Nej</Filter>
    </ClCompile>
    <ClCompile Include="..\private\TrainPointLight.cpp">
      <Filter>01.GameObject\Map\Train</Filter>
    </ClCompile>
    <ClCompile Include="..\Private\TrainSmokeParticle.cpp">
      <Filter>01.GameObject\Effect\Particle\Env</Filter>
    </ClCompile>
    <ClCompile Include="..\Private\EnmuSwingWindEffect.cpp">
      <Filter>01.GameObject\Effect\Mesh\Enmu</Filter>
    </ClCompile>
    <ClCompile Include="..\Private\EnmuPunchWindEffect.cpp">
      <Filter>01.GameObject\Effect\Mesh\Enmu</Filter>
    </ClCompile>
    <ClCompile Include="..\Private\EnvWindEffect.cpp">
      <Filter>01.GameObject\Effect\Particle\Env</Filter>
    </ClCompile>
    <ClCompile Include="..\Private\RingWindEffect.cpp">
      <Filter>01.GameObject\Effect\Mesh\Cmm</Filter>
    </ClCompile>
    <ClCompile Include="..\Private\StateAttack.cpp">
      <Filter>94. Pattern\State\DefaultState\Attack</Filter>
    </ClCompile>
    <ClCompile Include="..\Private\StateSkill.cpp">
      <Filter>94. Pattern\State\DefaultState\Skill</Filter>
    </ClCompile>
  </ItemGroup>
  <ItemGroup>
    <FxCompile Include="..\Asset\ShaderFiles\Shader_VtxPosTex.hlsl">
      <Filter>100.ShaderFiles</Filter>
    </FxCompile>
    <FxCompile Include="..\Asset\ShaderFiles\Shader_VtxNorTex.hlsl">
      <Filter>100.ShaderFiles</Filter>
    </FxCompile>
    <FxCompile Include="..\Asset\ShaderFiles\Shader_VtxMesh.hlsl">
      <Filter>100.ShaderFiles</Filter>
    </FxCompile>
    <FxCompile Include="..\Asset\ShaderFiles\Shader_VtxAnimMesh.hlsl">
      <Filter>100.ShaderFiles</Filter>
    </FxCompile>
    <FxCompile Include="..\Asset\ShaderFiles\Shader_UICompose.hlsl">
      <Filter>100.ShaderFiles</Filter>
    </FxCompile>
    <FxCompile Include="..\Asset\ShaderFiles\Shader_VtxPosTexNonAlpha.hlsl">
      <Filter>100.ShaderFiles</Filter>
    </FxCompile>
    <FxCompile Include="..\Asset\ShaderFiles\Shader_Toon.hlsl">
      <Filter>100.ShaderFiles</Filter>
    </FxCompile>
    <FxCompile Include="..\Asset\ShaderFiles\Shader_UIMask.hlsl">
      <Filter>100.ShaderFiles</Filter>
    </FxCompile>
    <FxCompile Include="..\Asset\ShaderFiles\Shader_DecalMask.hlsl">
      <Filter>100.ShaderFiles</Filter>
    </FxCompile>
    <FxCompile Include="..\Asset\ShaderFiles\Shader_VtxRectInstance.hlsl">
      <Filter>100.ShaderFiles</Filter>
    </FxCompile>
    <FxCompile Include="..\Asset\ShaderFiles\Shader_VtxPointInstance.hlsl">
      <Filter>100.ShaderFiles</Filter>
    </FxCompile>
  </ItemGroup>
  <ItemGroup>
    <None Include="..\Asset\Json\Shaders.json">
      <Filter>96.Json\JsonFiles</Filter>
    </None>
    <None Include="..\Asset\Json\Textures.json">
      <Filter>96.Json\JsonFiles</Filter>
    </None>
    <None Include="..\Asset\Json\GamePlayObjects.json">
      <Filter>96.Json\JsonFiles</Filter>
    </None>
    <None Include="..\Asset\Json\LogoObjects.json">
      <Filter>96.Json\JsonFiles</Filter>
    </None>
    <None Include="..\Asset\Json\Object_PrototypeTag.json">
      <Filter>96.Json\JsonFiles</Filter>
    </None>
    <None Include="..\Asset\Json\Models.json">
      <Filter>96.Json\JsonFiles</Filter>
    </None>
    <None Include="..\Asset\Json\GamePlayBackgroundObj.json">
      <Filter>96.Json\JsonFiles</Filter>
    </None>
    <None Include="ClassDiagram.cd" />
    <None Include="ClassDiagram1.cd" />
    <None Include="ClassDiagram2.cd" />
  </ItemGroup>
</Project>