
Microsoft Visual Studio Solution File, Format Version 12.00
# Visual Studio Version 17
Project("{8BC9CEB8-8B4A-11D0-8D11-00A0C91BC942}") = "ALL_BUILD", "ALL_BUILD.vcxproj", "{CFA5DA0C-6339-368B-85AD-B906A5D451AB}"
	ProjectSection(ProjectDependencies) = postProject
		{4DAEECE5-D63A-31DC-9573-D7D6EDCD9F03} = {4DAEECE5-D63A-31DC-9573-D7D6EDCD9F03}
		{3DFC36C7-376D-312B-BD28-081F4780494B} = {3DFC36C7-376D-312B-BD28-081F4780494B}
	EndProjectSection
EndProject
Project("{8BC9CEB8-8B4A-11D0-8D11-00A0C91BC942}") = "INSTALL", "INSTALL.vcxproj", "{B515027A-3F53-309B-9728-C951186B5650}"
	ProjectSection(ProjectDependencies) = postProject
		{CFA5DA0C-6339-368B-85AD-B906A5D451AB} = {CFA5DA0C-6339-368B-85AD-B906A5D451AB}
		{4DAEECE5-D63A-31DC-9573-D7D6EDCD9F03} = {4DAEECE5-D63A-31DC-9573-D7D6EDCD9F03}
	EndProjectSection
EndProject
Project("{8BC9CEB8-8B4A-11D0-8D11-00A0C91BC942}") = "ZERO_CHECK", "..\..\\ZERO_CHECK.vcxproj", "{4DAEECE5-D63A-31DC-9573-D7D6EDCD9F03}"
	ProjectSection(ProjectDependencies) = postProject
	EndProjectSection
EndProject
Project("{8BC9CEB8-8B4A-11D0-8D11-00A0C91BC942}") = "zlibstatic", "zlibstatic.vcxproj", "{3DFC36C7-376D-312B-BD28-081F4780494B}"
	ProjectSection(ProjectDependencies) = postProject
		{4DAEECE5-D63A-31DC-9573-D7D6EDCD9F03} = {4DAEECE5-D63A-31DC-9573-D7D6EDCD9F03}
	EndProjectSection
EndProject
Global
	GlobalSection(SolutionConfigurationPlatforms) = preSolution
		Debug|x64 = Debug|x64
		Release|x64 = Release|x64
		MinSizeRel|x64 = MinSizeRel|x64
		RelWithDebInfo|x64 = RelWithDebInfo|x64
	EndGlobalSection
	GlobalSection(ProjectConfigurationPlatforms) = postSolution
		{CFA5DA0C-6339-368B-85AD-B906A5D451AB}.Debug|x64.ActiveCfg = Debug|x64
		{CFA5DA0C-6339-368B-85AD-B906A5D451AB}.Debug|x64.Build.0 = Debug|x64
		{CFA5DA0C-6339-368B-85AD-B906A5D451AB}.Release|x64.ActiveCfg = Release|x64
		{CFA5DA0C-6339-368B-85AD-B906A5D451AB}.Release|x64.Build.0 = Release|x64
		{CFA5DA0C-6339-368B-85AD-B906A5D451AB}.MinSizeRel|x64.ActiveCfg = MinSizeRel|x64
		{CFA5DA0C-6339-368B-85AD-B906A5D451AB}.MinSizeRel|x64.Build.0 = MinSizeRel|x64
		{CFA5DA0C-6339-368B-85AD-B906A5D451AB}.RelWithDebInfo|x64.ActiveCfg = RelWithDebInfo|x64
		{CFA5DA0C-6339-368B-85AD-B906A5D451AB}.RelWithDebInfo|x64.Build.0 = RelWithDebInfo|x64
		{B515027A-3F53-309B-9728-C951186B5650}.Debug|x64.ActiveCfg = Debug|x64
		{B515027A-3F53-309B-9728-C951186B5650}.Release|x64.ActiveCfg = Release|x64
		{B515027A-3F53-309B-9728-C951186B5650}.MinSizeRel|x64.ActiveCfg = MinSizeRel|x64
		{B515027A-3F53-309B-9728-C951186B5650}.RelWithDebInfo|x64.ActiveCfg = RelWithDebInfo|x64
		{4DAEECE5-D63A-31DC-9573-D7D6EDCD9F03}.Debug|x64.ActiveCfg = Debug|x64
		{4DAEECE5-D63A-31DC-9573-D7D6EDCD9F03}.Debug|x64.Build.0 = Debug|x64
		{4DAEECE5-D63A-31DC-9573-D7D6EDCD9F03}.Release|x64.ActiveCfg = Release|x64
		{4DAEECE5-D63A-31DC-9573-D7D6EDCD9F03}.Release|x64.Build.0 = Release|x64
		{4DAEECE5-D63A-31DC-9573-D7D6EDCD9F03}.MinSizeRel|x64.ActiveCfg = MinSizeRel|x64
		{4DAEECE5-D63A-31DC-9573-D7D6EDCD9F03}.MinSizeRel|x64.Build.0 = MinSizeRel|x64
		{4DAEECE5-D63A-31DC-9573-D7D6EDCD9F03}.RelWithDebInfo|x64.ActiveCfg = RelWithDebInfo|x64
		{4DAEECE5-D63A-31DC-9573-D7D6EDCD9F03}.RelWithDebInfo|x64.Build.0 = RelWithDebInfo|x64
		{3DFC36C7-376D-312B-BD28-081F4780494B}.Debug|x64.ActiveCfg = Debug|x64
		{3DFC36C7-376D-312B-BD28-081F4780494B}.Debug|x64.Build.0 = Debug|x64
		{3DFC36C7-376D-312B-BD28-081F4780494B}.Release|x64.ActiveCfg = Release|x64
		{3DFC36C7-376D-312B-BD28-081F4780494B}.Release|x64.Build.0 = Release|x64
		{3DFC36C7-376D-312B-BD28-081F4780494B}.MinSizeRel|x64.ActiveCfg = MinSizeRel|x64
		{3DFC36C7-376D-312B-BD28-081F4780494B}.MinSizeRel|x64.Build.0 = MinSizeRel|x64
		{3DFC36C7-376D-312B-BD28-081F4780494B}.RelWithDebInfo|x64.ActiveCfg = RelWithDebInfo|x64
		{3DFC36C7-376D-312B-BD28-081F4780494B}.RelWithDebInfo|x64.Build.0 = RelWithDebInfo|x64
	EndGlobalSection
	GlobalSection(ExtensibilityGlobals) = postSolution
		SolutionGuid = {D20DBD9D-D49B-30F6-85F2-3A0C68E15520}
	EndGlobalSection
	GlobalSection(ExtensibilityAddIns) = postSolution
	EndGlobalSection
EndGlobal
